// !$*UTF8*$!
{
	archiveVersion = 1;
	classes = {
	};
	objectVersion = 46;
	objects = {

/* Begin PBXBuildFile section */
		4C12C4A01A77D97800BE6775 /* SystemConfiguration.framework in Frameworks */ = {isa = PBXBuildFile; fileRef = 4C12C49F1A77D97800BE6775 /* SystemConfiguration.framework */; };
		4C12C4A21A77D98300BE6775 /* CFNetwork.framework in Frameworks */ = {isa = PBXBuildFile; fileRef = 4C12C4A11A77D98300BE6775 /* CFNetwork.framework */; };
		4C12C4A41A77D98D00BE6775 /* Security.framework in Frameworks */ = {isa = PBXBuildFile; fileRef = 4C12C4A31A77D98D00BE6775 /* Security.framework */; };
		4C12C4BD1A77DA1000BE6775 /* NSAlert+MKNetworkKitAdditions.m in Sources */ = {isa = PBXBuildFile; fileRef = 4C12C4A81A77DA1000BE6775 /* NSAlert+MKNetworkKitAdditions.m */; };
		4C12C4BE1A77DA1000BE6775 /* NSData+MKBase64.m in Sources */ = {isa = PBXBuildFile; fileRef = 4C12C4AA1A77DA1000BE6775 /* NSData+MKBase64.m */; };
		4C12C4BF1A77DA1000BE6775 /* NSDate+RFC1123.m in Sources */ = {isa = PBXBuildFile; fileRef = 4C12C4AC1A77DA1000BE6775 /* NSDate+RFC1123.m */; };
		4C12C4C01A77DA1000BE6775 /* NSDictionary+RequestEncoding.m in Sources */ = {isa = PBXBuildFile; fileRef = 4C12C4AE1A77DA1000BE6775 /* NSDictionary+RequestEncoding.m */; };
		4C12C4C11A77DA1000BE6775 /* NSString+MKNetworkKitAdditions.m in Sources */ = {isa = PBXBuildFile; fileRef = 4C12C4B01A77DA1000BE6775 /* NSString+MKNetworkKitAdditions.m */; };
		4C12C4C21A77DA1000BE6775 /* UIAlertView+MKNetworkKitAdditions.m in Sources */ = {isa = PBXBuildFile; fileRef = 4C12C4B21A77DA1000BE6775 /* UIAlertView+MKNetworkKitAdditions.m */; };
		4C12C4C31A77DA1000BE6775 /* UIImageView+MKNetworkKitAdditions.m in Sources */ = {isa = PBXBuildFile; fileRef = 4C12C4B41A77DA1000BE6775 /* UIImageView+MKNetworkKitAdditions.m */; };
		4C12C4C41A77DA1000BE6775 /* MKNetworkEngine.m in Sources */ = {isa = PBXBuildFile; fileRef = 4C12C4B61A77DA1000BE6775 /* MKNetworkEngine.m */; };
		4C12C4C51A77DA1000BE6775 /* MKNetworkOperation.m in Sources */ = {isa = PBXBuildFile; fileRef = 4C12C4B91A77DA1000BE6775 /* MKNetworkOperation.m */; };
		4C12C4C61A77DA1000BE6775 /* Reachability.m in Sources */ = {isa = PBXBuildFile; fileRef = 4C12C4BC1A77DA1000BE6775 /* Reachability.m */; };
		4C153CD91A78A8FA00B36695 /* LoginInfo.plist in Resources */ = {isa = PBXBuildFile; fileRef = 4C153CD81A78A8FA00B36695 /* LoginInfo.plist */; };
		4C153CDD1A78F37800B36695 /* MyResponseDto.m in Sources */ = {isa = PBXBuildFile; fileRef = 4C153CDC1A78F37800B36695 /* MyResponseDto.m */; };
		4C16367A1AB3341500AE29E4 /* AboutMe.xib in Resources */ = {isa = PBXBuildFile; fileRef = 4C1636791AB3341500AE29E4 /* AboutMe.xib */; };
		4C16367D1AB33ABF00AE29E4 /* pic_super_account@2x.png in Resources */ = {isa = PBXBuildFile; fileRef = 4C16367C1AB33ABF00AE29E4 /* pic_super_account@2x.png */; };
		4C16367F1AB33B6600AE29E4 /* pic_setting_change_term_img@2x.png in Resources */ = {isa = PBXBuildFile; fileRef = 4C16367E1AB33B6600AE29E4 /* pic_setting_change_term_img@2x.png */; };
		4C1636811AB33B6E00AE29E4 /* pic_setting_logout_img@2x.png in Resources */ = {isa = PBXBuildFile; fileRef = 4C1636801AB33B6E00AE29E4 /* pic_setting_logout_img@2x.png */; };
		4C1636831AB33B8200AE29E4 /* pic_setting_now_week_img@2x.png in Resources */ = {isa = PBXBuildFile; fileRef = 4C1636821AB33B8200AE29E4 /* pic_setting_now_week_img@2x.png */; };
		4C1636851AB33B8900AE29E4 /* pic_setting_maxcount_img@2x.png in Resources */ = {isa = PBXBuildFile; fileRef = 4C1636841AB33B8900AE29E4 /* pic_setting_maxcount_img@2x.png */; };
		4C1636881AB3443E00AE29E4 /* Semester.m in Sources */ = {isa = PBXBuildFile; fileRef = 4C1636871AB3443E00AE29E4 /* Semester.m */; };
		4C17EBBE1AB2871F00F1C27B /* ShakeItBL.m in Sources */ = {isa = PBXBuildFile; fileRef = 4C17EBBD1AB2871F00F1C27B /* ShakeItBL.m */; };
		4C17EBC01AB297CE00F1C27B /* pic_main_course_week_bg_thumb@2x.png in Resources */ = {isa = PBXBuildFile; fileRef = 4C17EBBF1AB297CE00F1C27B /* pic_main_course_week_bg_thumb@2x.png */; };
		4C17EBC41AB2A0C200F1C27B /* MyCell.m in Sources */ = {isa = PBXBuildFile; fileRef = 4C17EBC21AB2A0C200F1C27B /* MyCell.m */; };
		4C17EBC51AB2A0C200F1C27B /* MyCell.xib in Resources */ = {isa = PBXBuildFile; fileRef = 4C17EBC31AB2A0C200F1C27B /* MyCell.xib */; };
		4C17EBC81AB2AEEB00F1C27B /* pic_main_course_teacher@2x.png in Resources */ = {isa = PBXBuildFile; fileRef = 4C17EBC71AB2AEEB00F1C27B /* pic_main_course_teacher@2x.png */; };
		4C17EBCA1AB2AF3A00F1C27B /* pic_main_course_teacher.png in Resources */ = {isa = PBXBuildFile; fileRef = 4C17EBC91AB2AF3A00F1C27B /* pic_main_course_teacher.png */; };
		4C17EBCD1AB2AF5E00F1C27B /* pic_main_course_classroom.png in Resources */ = {isa = PBXBuildFile; fileRef = 4C17EBCB1AB2AF5E00F1C27B /* pic_main_course_classroom.png */; };
		4C17EBCE1AB2AF5E00F1C27B /* pic_main_course_classroom@2x.png in Resources */ = {isa = PBXBuildFile; fileRef = 4C17EBCC1AB2AF5E00F1C27B /* pic_main_course_classroom@2x.png */; };
		4C17EBD11AB2AF7000F1C27B /* pic_main_course_section.png in Resources */ = {isa = PBXBuildFile; fileRef = 4C17EBCF1AB2AF7000F1C27B /* pic_main_course_section.png */; };
		4C17EBD21AB2AF7000F1C27B /* pic_main_course_section@2x.png in Resources */ = {isa = PBXBuildFile; fileRef = 4C17EBD01AB2AF7000F1C27B /* pic_main_course_section@2x.png */; };
		4C17EBD51AB2AF8200F1C27B /* pic_main_course_week.png in Resources */ = {isa = PBXBuildFile; fileRef = 4C17EBD31AB2AF8200F1C27B /* pic_main_course_week.png */; };
		4C17EBD61AB2AF8200F1C27B /* pic_main_course_week@2x.png in Resources */ = {isa = PBXBuildFile; fileRef = 4C17EBD41AB2AF8200F1C27B /* pic_main_course_week@2x.png */; };
		4C17EBD91AB2C7B000F1C27B /* CourseViewController.m in Sources */ = {isa = PBXBuildFile; fileRef = 4C17EBD81AB2C7B000F1C27B /* CourseViewController.m */; };
		4C1F6E271AA5E1B0001DC576 /* DaiDodgeKeyboard+AccessObject.m in Sources */ = {isa = PBXBuildFile; fileRef = 4C1F6E201AA5E1B0001DC576 /* DaiDodgeKeyboard+AccessObject.m */; };
		4C1F6E281AA5E1B0001DC576 /* DaiDodgeKeyboard+Animation.m in Sources */ = {isa = PBXBuildFile; fileRef = 4C1F6E221AA5E1B0001DC576 /* DaiDodgeKeyboard+Animation.m */; };
		4C1F6E291AA5E1B0001DC576 /* DaiDodgeKeyboard.m in Sources */ = {isa = PBXBuildFile; fileRef = 4C1F6E241AA5E1B0001DC576 /* DaiDodgeKeyboard.m */; };
		4C1F6E2A1AA5E1B0001DC576 /* UIView+FirstResponderNotify.m in Sources */ = {isa = PBXBuildFile; fileRef = 4C1F6E261AA5E1B0001DC576 /* UIView+FirstResponderNotify.m */; };
		4C1F6E2D1AA6C632001DC576 /* ImportCourseStep1VC.m in Sources */ = {isa = PBXBuildFile; fileRef = 4C1F6E2C1AA6C632001DC576 /* ImportCourseStep1VC.m */; };
		4C1F6E331AA6D216001DC576 /* ImportCourseBL.m in Sources */ = {isa = PBXBuildFile; fileRef = 4C1F6E321AA6D216001DC576 /* ImportCourseBL.m */; };
		4C1F79FE1AAEC6E000A9CDCD /* bgImage.png in Resources */ = {isa = PBXBuildFile; fileRef = 4C1F79FD1AAEC6E000A9CDCD /* bgImage.png */; };
		4C213D8A1A7680DE008CD12B /* Foundation.framework in Frameworks */ = {isa = PBXBuildFile; fileRef = 4C213D891A7680DE008CD12B /* Foundation.framework */; };
		4C213D8C1A7680DE008CD12B /* CoreGraphics.framework in Frameworks */ = {isa = PBXBuildFile; fileRef = 4C213D8B1A7680DE008CD12B /* CoreGraphics.framework */; };
		4C213D8E1A7680DE008CD12B /* UIKit.framework in Frameworks */ = {isa = PBXBuildFile; fileRef = 4C213D8D1A7680DE008CD12B /* UIKit.framework */; };
		4C213D941A7680DE008CD12B /* InfoPlist.strings in Resources */ = {isa = PBXBuildFile; fileRef = 4C213D921A7680DE008CD12B /* InfoPlist.strings */; };
		4C213D961A7680DE008CD12B /* main.m in Sources */ = {isa = PBXBuildFile; fileRef = 4C213D951A7680DE008CD12B /* main.m */; };
		4C213D9A1A7680DE008CD12B /* AppDelegate.m in Sources */ = {isa = PBXBuildFile; fileRef = 4C213D991A7680DE008CD12B /* AppDelegate.m */; };
		4C213D9D1A7680DE008CD12B /* Main.storyboard in Resources */ = {isa = PBXBuildFile; fileRef = 4C213D9B1A7680DE008CD12B /* Main.storyboard */; };
		4C213DA01A7680DE008CD12B /* ViewController.m in Sources */ = {isa = PBXBuildFile; fileRef = 4C213D9F1A7680DE008CD12B /* ViewController.m */; };
		4C213DA21A7680DE008CD12B /* Images.xcassets in Resources */ = {isa = PBXBuildFile; fileRef = 4C213DA11A7680DE008CD12B /* Images.xcassets */; };
		4C213DA91A7680DE008CD12B /* XCTest.framework in Frameworks */ = {isa = PBXBuildFile; fileRef = 4C213DA81A7680DE008CD12B /* XCTest.framework */; };
		4C213DAA1A7680DE008CD12B /* Foundation.framework in Frameworks */ = {isa = PBXBuildFile; fileRef = 4C213D891A7680DE008CD12B /* Foundation.framework */; };
		4C213DAB1A7680DE008CD12B /* UIKit.framework in Frameworks */ = {isa = PBXBuildFile; fileRef = 4C213D8D1A7680DE008CD12B /* UIKit.framework */; };
		4C213DB31A7680DE008CD12B /* InfoPlist.strings in Resources */ = {isa = PBXBuildFile; fileRef = 4C213DB11A7680DE008CD12B /* InfoPlist.strings */; };
		4C213DB51A7680DE008CD12B /* CampusAssistantTests.m in Sources */ = {isa = PBXBuildFile; fileRef = 4C213DB41A7680DE008CD12B /* CampusAssistantTests.m */; };
		4C213DBF1A7688E3008CD12B /* img01.jpg in Resources */ = {isa = PBXBuildFile; fileRef = 4C213DBE1A7688E3008CD12B /* img01.jpg */; };
		4C213DC31A769DA1008CD12B /* BaseRequestUrl.m in Sources */ = {isa = PBXBuildFile; fileRef = 4C213DC21A769DA1008CD12B /* BaseRequestUrl.m */; };
		4C282FED1A77A16300B36D47 /* TimetableViewController.m in Sources */ = {isa = PBXBuildFile; fileRef = 4C282FEC1A77A16300B36D47 /* TimetableViewController.m */; };
		4C282FF11A77A1A800B36D47 /* FindViewController.m in Sources */ = {isa = PBXBuildFile; fileRef = 4C282FF01A77A1A800B36D47 /* FindViewController.m */; };
		4C282FF61A77A1D100B36D47 /* AboutMeViewController.m in Sources */ = {isa = PBXBuildFile; fileRef = 4C282FF51A77A1D100B36D47 /* AboutMeViewController.m */; };
		4C342CBC1AAFF97E0064C8CE /* CourseDetailViewController.m in Sources */ = {isa = PBXBuildFile; fileRef = 4C342CBA1AAFF97E0064C8CE /* CourseDetailViewController.m */; };
		4C342CBD1AAFF97E0064C8CE /* CourseDetailViewController.xib in Resources */ = {isa = PBXBuildFile; fileRef = 4C342CBB1AAFF97E0064C8CE /* CourseDetailViewController.xib */; };
		4C342CD51AB01DD80064C8CE /* pic_tabbar_course_selected@2x.png in Resources */ = {isa = PBXBuildFile; fileRef = 4C342CD41AB01DD80064C8CE /* pic_tabbar_course_selected@2x.png */; };
		4C342CD71AB01DF20064C8CE /* pic_tabbar_course@2x.png in Resources */ = {isa = PBXBuildFile; fileRef = 4C342CD61AB01DF20064C8CE /* pic_tabbar_course@2x.png */; };
		4C342CDC1AB01DFF0064C8CE /* pic_tabbar_find_selected@2x.png in Resources */ = {isa = PBXBuildFile; fileRef = 4C342CD81AB01DFF0064C8CE /* pic_tabbar_find_selected@2x.png */; };
		4C342CDD1AB01DFF0064C8CE /* pic_tabbar_find@2x.png in Resources */ = {isa = PBXBuildFile; fileRef = 4C342CD91AB01DFF0064C8CE /* pic_tabbar_find@2x.png */; };
		4C342CDE1AB01DFF0064C8CE /* pic_tabbar_setting_selected@2x.png in Resources */ = {isa = PBXBuildFile; fileRef = 4C342CDA1AB01DFF0064C8CE /* pic_tabbar_setting_selected@2x.png */; };
		4C342CDF1AB01DFF0064C8CE /* pic_tabbar_setting@2x.png in Resources */ = {isa = PBXBuildFile; fileRef = 4C342CDB1AB01DFF0064C8CE /* pic_tabbar_setting@2x.png */; };
		4C342D001AB065D60064C8CE /* libzbar.a in Frameworks */ = {isa = PBXBuildFile; fileRef = 4C342CFA1AB065D60064C8CE /* libzbar.a */; };
		4C342D011AB065D60064C8CE /* zbar-back.png in Resources */ = {isa = PBXBuildFile; fileRef = 4C342CFC1AB065D60064C8CE /* zbar-back.png */; };
		4C342D021AB065D60064C8CE /* zbar-help.html in Resources */ = {isa = PBXBuildFile; fileRef = 4C342CFD1AB065D60064C8CE /* zbar-help.html */; };
		4C342D031AB065D60064C8CE /* zbar-helpicons.png in Resources */ = {isa = PBXBuildFile; fileRef = 4C342CFE1AB065D60064C8CE /* zbar-helpicons.png */; };
		4C342D041AB065D60064C8CE /* zbar-samples.png in Resources */ = {isa = PBXBuildFile; fileRef = 4C342CFF1AB065D60064C8CE /* zbar-samples.png */; };
		4C342D061AB0660C0064C8CE /* AVFoundation.framework in Frameworks */ = {isa = PBXBuildFile; fileRef = 4C342D051AB0660C0064C8CE /* AVFoundation.framework */; };
		4C342D081AB066180064C8CE /* CoreMedia.framework in Frameworks */ = {isa = PBXBuildFile; fileRef = 4C342D071AB066180064C8CE /* CoreMedia.framework */; };
		4C342D0A1AB066220064C8CE /* CoreVideo.framework in Frameworks */ = {isa = PBXBuildFile; fileRef = 4C342D091AB066220064C8CE /* CoreVideo.framework */; };
		4C342D0C1AB066300064C8CE /* QuartzCore.framework in Frameworks */ = {isa = PBXBuildFile; fileRef = 4C342D0B1AB066300064C8CE /* QuartzCore.framework */; };
		4C342D0E1AB0663A0064C8CE /* libiconv.dylib in Frameworks */ = {isa = PBXBuildFile; fileRef = 4C342D0D1AB0663A0064C8CE /* libiconv.dylib */; };
		4C342D141AB06E670064C8CE /* pic_find_treehole@2x.png in Resources */ = {isa = PBXBuildFile; fileRef = 4C342D131AB06E670064C8CE /* pic_find_treehole@2x.png */; };
		4C342D1D1AB0740C0064C8CE /* MyDIYButton.m in Sources */ = {isa = PBXBuildFile; fileRef = 4C342D1C1AB0740C0064C8CE /* MyDIYButton.m */; };
		4C342D1F1AB07AF20064C8CE /* pic_find_robot@2x.png in Resources */ = {isa = PBXBuildFile; fileRef = 4C342D1E1AB07AF20064C8CE /* pic_find_robot@2x.png */; };
		4C342D211AB07B870064C8CE /* pic_find_countdown@2x.png in Resources */ = {isa = PBXBuildFile; fileRef = 4C342D201AB07B870064C8CE /* pic_find_countdown@2x.png */; };
		4C342D241AB07FBE0064C8CE /* pic_main_course_week_bg@2x.png in Resources */ = {isa = PBXBuildFile; fileRef = 4C342D231AB07FBE0064C8CE /* pic_main_course_week_bg@2x.png */; };
		4C342D281AB174990064C8CE /* QRSignInBL.m in Sources */ = {isa = PBXBuildFile; fileRef = 4C342D271AB174990064C8CE /* QRSignInBL.m */; };
		4C342D2D1AB1806D0064C8CE /* QRSignInViewController.m in Sources */ = {isa = PBXBuildFile; fileRef = 4C342D2B1AB1806D0064C8CE /* QRSignInViewController.m */; };
		4C342D2E1AB1806D0064C8CE /* QRSignInViewController.xib in Resources */ = {isa = PBXBuildFile; fileRef = 4C342D2C1AB1806D0064C8CE /* QRSignInViewController.xib */; };
		4C342D331AB1BA180064C8CE /* ShakeItViewController.m in Sources */ = {isa = PBXBuildFile; fileRef = 4C342D311AB1BA180064C8CE /* ShakeItViewController.m */; };
		4C342D341AB1BA180064C8CE /* ShakeItViewController.xib in Resources */ = {isa = PBXBuildFile; fileRef = 4C342D321AB1BA180064C8CE /* ShakeItViewController.xib */; };
		4C49866E1A79327E00F2CA42 /* UserInfoModel.m in Sources */ = {isa = PBXBuildFile; fileRef = 4C49866D1A79327E00F2CA42 /* UserInfoModel.m */; };
		4C4986751A7937F100F2CA42 /* MyRequest.m in Sources */ = {isa = PBXBuildFile; fileRef = 4C4986741A7937F100F2CA42 /* MyRequest.m */; };
		4C49867A1A79447D00F2CA42 /* LoginAndRegisterBusiness.m in Sources */ = {isa = PBXBuildFile; fileRef = 4C4986791A79447D00F2CA42 /* LoginAndRegisterBusiness.m */; };
		4C49867D1A794AAA00F2CA42 /* ObjectFileManager.m in Sources */ = {isa = PBXBuildFile; fileRef = 4C49867C1A794AAA00F2CA42 /* ObjectFileManager.m */; };
		4C4A17A01A7FC4220027F303 /* background.jpg in Resources */ = {isa = PBXBuildFile; fileRef = 4C4A179F1A7FC4220027F303 /* background.jpg */; };
		4C5CA80E1A7A59DC00627BB9 /* MJConst.m in Sources */ = {isa = PBXBuildFile; fileRef = 4C5CA8001A7A59DC00627BB9 /* MJConst.m */; };
		4C5CA80F1A7A59DC00627BB9 /* MJFoundation.m in Sources */ = {isa = PBXBuildFile; fileRef = 4C5CA8031A7A59DC00627BB9 /* MJFoundation.m */; };
		4C5CA8101A7A59DC00627BB9 /* MJIvar.m in Sources */ = {isa = PBXBuildFile; fileRef = 4C5CA8051A7A59DC00627BB9 /* MJIvar.m */; };
		4C5CA8111A7A59DC00627BB9 /* MJType.m in Sources */ = {isa = PBXBuildFile; fileRef = 4C5CA8071A7A59DC00627BB9 /* MJType.m */; };
		4C5CA8121A7A59DC00627BB9 /* NSObject+MJCoding.m in Sources */ = {isa = PBXBuildFile; fileRef = 4C5CA8091A7A59DC00627BB9 /* NSObject+MJCoding.m */; };
		4C5CA8131A7A59DC00627BB9 /* NSObject+MJIvar.m in Sources */ = {isa = PBXBuildFile; fileRef = 4C5CA80B1A7A59DC00627BB9 /* NSObject+MJIvar.m */; };
		4C5CA8141A7A59DC00627BB9 /* NSObject+MJKeyValue.m in Sources */ = {isa = PBXBuildFile; fileRef = 4C5CA80D1A7A59DC00627BB9 /* NSObject+MJKeyValue.m */; };
		4C5CA81C1A7A700D00627BB9 /* CourseModel.m in Sources */ = {isa = PBXBuildFile; fileRef = 4C5CA81B1A7A700D00627BB9 /* CourseModel.m */; };
		4C5CA8201A7A71A000627BB9 /* CourseBL.m in Sources */ = {isa = PBXBuildFile; fileRef = 4C5CA81F1A7A71A000627BB9 /* CourseBL.m */; };
		4C5CA8281A7B6B6400627BB9 /* YYAnimationIndicator.m in Sources */ = {isa = PBXBuildFile; fileRef = 4C5CA8271A7B6B6400627BB9 /* YYAnimationIndicator.m */; };
		4C5CA82F1A7B6B8200627BB9 /* 1.png in Resources */ = {isa = PBXBuildFile; fileRef = 4C5CA8291A7B6B8200627BB9 /* 1.png */; };
		4C5CA8301A7B6B8200627BB9 /* 2.png in Resources */ = {isa = PBXBuildFile; fileRef = 4C5CA82A1A7B6B8200627BB9 /* 2.png */; };
		4C5CA8311A7B6B8200627BB9 /* 3.png in Resources */ = {isa = PBXBuildFile; fileRef = 4C5CA82B1A7B6B8200627BB9 /* 3.png */; };
		4C5CA8321A7B6B8200627BB9 /* 4.png in Resources */ = {isa = PBXBuildFile; fileRef = 4C5CA82C1A7B6B8200627BB9 /* 4.png */; };
		4C5CA8331A7B6B8200627BB9 /* 5.png in Resources */ = {isa = PBXBuildFile; fileRef = 4C5CA82D1A7B6B8200627BB9 /* 5.png */; };
		4C5CA8341A7B6B8200627BB9 /* 6.png in Resources */ = {isa = PBXBuildFile; fileRef = 4C5CA82E1A7B6B8200627BB9 /* 6.png */; };
		4C5CA83C1A7B8C6400627BB9 /* GMDCircleLoader.m in Sources */ = {isa = PBXBuildFile; fileRef = 4C5CA83B1A7B8C6400627BB9 /* GMDCircleLoader.m */; };
		4C5CA87E1A7B988A00627BB9 /* UIImage+KVNEmpty.m in Sources */ = {isa = PBXBuildFile; fileRef = 4C5CA86A1A7B988A00627BB9 /* UIImage+KVNEmpty.m */; };
		4C5CA87F1A7B988A00627BB9 /* UIImage+KVNImageEffects.m in Sources */ = {isa = PBXBuildFile; fileRef = 4C5CA86C1A7B988A00627BB9 /* UIImage+KVNImageEffects.m */; };
		4C5CA8801A7B988A00627BB9 /* KVNProgress.m in Sources */ = {isa = PBXBuildFile; fileRef = 4C5CA86F1A7B988A00627BB9 /* KVNProgress.m */; };
		4C5CA8871A7B988A00627BB9 /* KVNProgressView.xib in Resources */ = {isa = PBXBuildFile; fileRef = 4C5CA87C1A7B988A00627BB9 /* KVNProgressView.xib */; };
		4C5CA88B1A7B9B2400627BB9 /* DrawLabelAndButton.m in Sources */ = {isa = PBXBuildFile; fileRef = 4C5CA88A1A7B9B2400627BB9 /* DrawLabelAndButton.m */; };
		4C9841731A81033000C12DF1 /* RegisterViewController.m in Sources */ = {isa = PBXBuildFile; fileRef = 4C9841721A81033000C12DF1 /* RegisterViewController.m */; };
		4CDB93051AAD7727005625BF /* ImportCourseStep2VC.m in Sources */ = {isa = PBXBuildFile; fileRef = 4CDB93031AAD7727005625BF /* ImportCourseStep2VC.m */; };
		4CDB93061AAD7727005625BF /* ImportCourseStep2VC.xib in Resources */ = {isa = PBXBuildFile; fileRef = 4CDB93041AAD7727005625BF /* ImportCourseStep2VC.xib */; };
/* End PBXBuildFile section */

/* Begin PBXContainerItemProxy section */
		4C213DAC1A7680DE008CD12B /* PBXContainerItemProxy */ = {
			isa = PBXContainerItemProxy;
			containerPortal = 4C213D7E1A7680DE008CD12B /* Project object */;
			proxyType = 1;
			remoteGlobalIDString = 4C213D851A7680DE008CD12B;
			remoteInfo = CampusAssistant;
		};
/* End PBXContainerItemProxy section */

/* Begin PBXFileReference section */
		4C12C49F1A77D97800BE6775 /* SystemConfiguration.framework */ = {isa = PBXFileReference; lastKnownFileType = wrapper.framework; name = SystemConfiguration.framework; path = System/Library/Frameworks/SystemConfiguration.framework; sourceTree = SDKROOT; };
		4C12C4A11A77D98300BE6775 /* CFNetwork.framework */ = {isa = PBXFileReference; lastKnownFileType = wrapper.framework; name = CFNetwork.framework; path = System/Library/Frameworks/CFNetwork.framework; sourceTree = SDKROOT; };
		4C12C4A31A77D98D00BE6775 /* Security.framework */ = {isa = PBXFileReference; lastKnownFileType = wrapper.framework; name = Security.framework; path = System/Library/Frameworks/Security.framework; sourceTree = SDKROOT; };
		4C12C4A71A77DA1000BE6775 /* NSAlert+MKNetworkKitAdditions.h */ = {isa = PBXFileReference; fileEncoding = 4; lastKnownFileType = sourcecode.c.h; path = "NSAlert+MKNetworkKitAdditions.h"; sourceTree = "<group>"; };
		4C12C4A81A77DA1000BE6775 /* NSAlert+MKNetworkKitAdditions.m */ = {isa = PBXFileReference; fileEncoding = 4; lastKnownFileType = sourcecode.c.objc; path = "NSAlert+MKNetworkKitAdditions.m"; sourceTree = "<group>"; };
		4C12C4A91A77DA1000BE6775 /* NSData+MKBase64.h */ = {isa = PBXFileReference; fileEncoding = 4; lastKnownFileType = sourcecode.c.h; path = "NSData+MKBase64.h"; sourceTree = "<group>"; };
		4C12C4AA1A77DA1000BE6775 /* NSData+MKBase64.m */ = {isa = PBXFileReference; fileEncoding = 4; lastKnownFileType = sourcecode.c.objc; path = "NSData+MKBase64.m"; sourceTree = "<group>"; };
		4C12C4AB1A77DA1000BE6775 /* NSDate+RFC1123.h */ = {isa = PBXFileReference; fileEncoding = 4; lastKnownFileType = sourcecode.c.h; path = "NSDate+RFC1123.h"; sourceTree = "<group>"; };
		4C12C4AC1A77DA1000BE6775 /* NSDate+RFC1123.m */ = {isa = PBXFileReference; fileEncoding = 4; lastKnownFileType = sourcecode.c.objc; path = "NSDate+RFC1123.m"; sourceTree = "<group>"; };
		4C12C4AD1A77DA1000BE6775 /* NSDictionary+RequestEncoding.h */ = {isa = PBXFileReference; fileEncoding = 4; lastKnownFileType = sourcecode.c.h; path = "NSDictionary+RequestEncoding.h"; sourceTree = "<group>"; };
		4C12C4AE1A77DA1000BE6775 /* NSDictionary+RequestEncoding.m */ = {isa = PBXFileReference; fileEncoding = 4; lastKnownFileType = sourcecode.c.objc; path = "NSDictionary+RequestEncoding.m"; sourceTree = "<group>"; };
		4C12C4AF1A77DA1000BE6775 /* NSString+MKNetworkKitAdditions.h */ = {isa = PBXFileReference; fileEncoding = 4; lastKnownFileType = sourcecode.c.h; path = "NSString+MKNetworkKitAdditions.h"; sourceTree = "<group>"; };
		4C12C4B01A77DA1000BE6775 /* NSString+MKNetworkKitAdditions.m */ = {isa = PBXFileReference; fileEncoding = 4; lastKnownFileType = sourcecode.c.objc; path = "NSString+MKNetworkKitAdditions.m"; sourceTree = "<group>"; };
		4C12C4B11A77DA1000BE6775 /* UIAlertView+MKNetworkKitAdditions.h */ = {isa = PBXFileReference; fileEncoding = 4; lastKnownFileType = sourcecode.c.h; path = "UIAlertView+MKNetworkKitAdditions.h"; sourceTree = "<group>"; };
		4C12C4B21A77DA1000BE6775 /* UIAlertView+MKNetworkKitAdditions.m */ = {isa = PBXFileReference; fileEncoding = 4; lastKnownFileType = sourcecode.c.objc; path = "UIAlertView+MKNetworkKitAdditions.m"; sourceTree = "<group>"; };
		4C12C4B31A77DA1000BE6775 /* UIImageView+MKNetworkKitAdditions.h */ = {isa = PBXFileReference; fileEncoding = 4; lastKnownFileType = sourcecode.c.h; path = "UIImageView+MKNetworkKitAdditions.h"; sourceTree = "<group>"; };
		4C12C4B41A77DA1000BE6775 /* UIImageView+MKNetworkKitAdditions.m */ = {isa = PBXFileReference; fileEncoding = 4; lastKnownFileType = sourcecode.c.objc; path = "UIImageView+MKNetworkKitAdditions.m"; sourceTree = "<group>"; };
		4C12C4B51A77DA1000BE6775 /* MKNetworkEngine.h */ = {isa = PBXFileReference; fileEncoding = 4; lastKnownFileType = sourcecode.c.h; path = MKNetworkEngine.h; sourceTree = "<group>"; };
		4C12C4B61A77DA1000BE6775 /* MKNetworkEngine.m */ = {isa = PBXFileReference; fileEncoding = 4; lastKnownFileType = sourcecode.c.objc; path = MKNetworkEngine.m; sourceTree = "<group>"; };
		4C12C4B71A77DA1000BE6775 /* MKNetworkKit.h */ = {isa = PBXFileReference; fileEncoding = 4; lastKnownFileType = sourcecode.c.h; path = MKNetworkKit.h; sourceTree = "<group>"; };
		4C12C4B81A77DA1000BE6775 /* MKNetworkOperation.h */ = {isa = PBXFileReference; fileEncoding = 4; lastKnownFileType = sourcecode.c.h; path = MKNetworkOperation.h; sourceTree = "<group>"; };
		4C12C4B91A77DA1000BE6775 /* MKNetworkOperation.m */ = {isa = PBXFileReference; fileEncoding = 4; lastKnownFileType = sourcecode.c.objc; path = MKNetworkOperation.m; sourceTree = "<group>"; };
		4C12C4BB1A77DA1000BE6775 /* Reachability.h */ = {isa = PBXFileReference; fileEncoding = 4; lastKnownFileType = sourcecode.c.h; path = Reachability.h; sourceTree = "<group>"; };
		4C12C4BC1A77DA1000BE6775 /* Reachability.m */ = {isa = PBXFileReference; fileEncoding = 4; lastKnownFileType = sourcecode.c.objc; path = Reachability.m; sourceTree = "<group>"; };
		4C153CD81A78A8FA00B36695 /* LoginInfo.plist */ = {isa = PBXFileReference; fileEncoding = 4; lastKnownFileType = text.plist.xml; path = LoginInfo.plist; sourceTree = "<group>"; };
		4C153CDA1A78EE7700B36695 /* NetConfig.h */ = {isa = PBXFileReference; lastKnownFileType = sourcecode.c.h; path = NetConfig.h; sourceTree = "<group>"; };
		4C153CDB1A78F37800B36695 /* MyResponseDto.h */ = {isa = PBXFileReference; fileEncoding = 4; lastKnownFileType = sourcecode.c.h; path = MyResponseDto.h; sourceTree = "<group>"; };
		4C153CDC1A78F37800B36695 /* MyResponseDto.m */ = {isa = PBXFileReference; fileEncoding = 4; lastKnownFileType = sourcecode.c.objc; path = MyResponseDto.m; sourceTree = "<group>"; };
		4C1636791AB3341500AE29E4 /* AboutMe.xib */ = {isa = PBXFileReference; fileEncoding = 4; lastKnownFileType = file.xib; path = AboutMe.xib; sourceTree = "<group>"; };
		4C16367C1AB33ABF00AE29E4 /* pic_super_account@2x.png */ = {isa = PBXFileReference; lastKnownFileType = image.png; path = "pic_super_account@2x.png"; sourceTree = "<group>"; };
		4C16367E1AB33B6600AE29E4 /* pic_setting_change_term_img@2x.png */ = {isa = PBXFileReference; lastKnownFileType = image.png; path = "pic_setting_change_term_img@2x.png"; sourceTree = "<group>"; };
		4C1636801AB33B6E00AE29E4 /* pic_setting_logout_img@2x.png */ = {isa = PBXFileReference; lastKnownFileType = image.png; path = "pic_setting_logout_img@2x.png"; sourceTree = "<group>"; };
		4C1636821AB33B8200AE29E4 /* pic_setting_now_week_img@2x.png */ = {isa = PBXFileReference; lastKnownFileType = image.png; path = "pic_setting_now_week_img@2x.png"; sourceTree = "<group>"; };
		4C1636841AB33B8900AE29E4 /* pic_setting_maxcount_img@2x.png */ = {isa = PBXFileReference; lastKnownFileType = image.png; path = "pic_setting_maxcount_img@2x.png"; sourceTree = "<group>"; };
		4C1636861AB3443E00AE29E4 /* Semester.h */ = {isa = PBXFileReference; fileEncoding = 4; lastKnownFileType = sourcecode.c.h; path = Semester.h; sourceTree = "<group>"; };
		4C1636871AB3443E00AE29E4 /* Semester.m */ = {isa = PBXFileReference; fileEncoding = 4; lastKnownFileType = sourcecode.c.objc; path = Semester.m; sourceTree = "<group>"; };
		4C17EBBC1AB2871F00F1C27B /* ShakeItBL.h */ = {isa = PBXFileReference; fileEncoding = 4; lastKnownFileType = sourcecode.c.h; path = ShakeItBL.h; sourceTree = "<group>"; };
		4C17EBBD1AB2871F00F1C27B /* ShakeItBL.m */ = {isa = PBXFileReference; fileEncoding = 4; lastKnownFileType = sourcecode.c.objc; path = ShakeItBL.m; sourceTree = "<group>"; };
		4C17EBBF1AB297CE00F1C27B /* pic_main_course_week_bg_thumb@2x.png */ = {isa = PBXFileReference; lastKnownFileType = image.png; path = "pic_main_course_week_bg_thumb@2x.png"; sourceTree = "<group>"; };
		4C17EBC11AB2A0C200F1C27B /* MyCell.h */ = {isa = PBXFileReference; fileEncoding = 4; lastKnownFileType = sourcecode.c.h; path = MyCell.h; sourceTree = "<group>"; };
		4C17EBC21AB2A0C200F1C27B /* MyCell.m */ = {isa = PBXFileReference; fileEncoding = 4; lastKnownFileType = sourcecode.c.objc; path = MyCell.m; sourceTree = "<group>"; };
		4C17EBC31AB2A0C200F1C27B /* MyCell.xib */ = {isa = PBXFileReference; fileEncoding = 4; lastKnownFileType = file.xib; path = MyCell.xib; sourceTree = "<group>"; };
		4C17EBC71AB2AEEB00F1C27B /* pic_main_course_teacher@2x.png */ = {isa = PBXFileReference; lastKnownFileType = image.png; path = "pic_main_course_teacher@2x.png"; sourceTree = "<group>"; };
		4C17EBC91AB2AF3A00F1C27B /* pic_main_course_teacher.png */ = {isa = PBXFileReference; lastKnownFileType = image.png; path = pic_main_course_teacher.png; sourceTree = "<group>"; };
		4C17EBCB1AB2AF5E00F1C27B /* pic_main_course_classroom.png */ = {isa = PBXFileReference; lastKnownFileType = image.png; path = pic_main_course_classroom.png; sourceTree = "<group>"; };
		4C17EBCC1AB2AF5E00F1C27B /* pic_main_course_classroom@2x.png */ = {isa = PBXFileReference; lastKnownFileType = image.png; path = "pic_main_course_classroom@2x.png"; sourceTree = "<group>"; };
		4C17EBCF1AB2AF7000F1C27B /* pic_main_course_section.png */ = {isa = PBXFileReference; lastKnownFileType = image.png; path = pic_main_course_section.png; sourceTree = "<group>"; };
		4C17EBD01AB2AF7000F1C27B /* pic_main_course_section@2x.png */ = {isa = PBXFileReference; lastKnownFileType = image.png; path = "pic_main_course_section@2x.png"; sourceTree = "<group>"; };
		4C17EBD31AB2AF8200F1C27B /* pic_main_course_week.png */ = {isa = PBXFileReference; lastKnownFileType = image.png; path = pic_main_course_week.png; sourceTree = "<group>"; };
		4C17EBD41AB2AF8200F1C27B /* pic_main_course_week@2x.png */ = {isa = PBXFileReference; lastKnownFileType = image.png; path = "pic_main_course_week@2x.png"; sourceTree = "<group>"; };
		4C17EBD71AB2C7B000F1C27B /* CourseViewController.h */ = {isa = PBXFileReference; fileEncoding = 4; lastKnownFileType = sourcecode.c.h; path = CourseViewController.h; sourceTree = "<group>"; };
		4C17EBD81AB2C7B000F1C27B /* CourseViewController.m */ = {isa = PBXFileReference; fileEncoding = 4; lastKnownFileType = sourcecode.c.objc; path = CourseViewController.m; sourceTree = "<group>"; };
		4C1F6E1F1AA5E1B0001DC576 /* DaiDodgeKeyboard+AccessObject.h */ = {isa = PBXFileReference; fileEncoding = 4; lastKnownFileType = sourcecode.c.h; path = "DaiDodgeKeyboard+AccessObject.h"; sourceTree = "<group>"; };
		4C1F6E201AA5E1B0001DC576 /* DaiDodgeKeyboard+AccessObject.m */ = {isa = PBXFileReference; fileEncoding = 4; lastKnownFileType = sourcecode.c.objc; path = "DaiDodgeKeyboard+AccessObject.m"; sourceTree = "<group>"; };
		4C1F6E211AA5E1B0001DC576 /* DaiDodgeKeyboard+Animation.h */ = {isa = PBXFileReference; fileEncoding = 4; lastKnownFileType = sourcecode.c.h; path = "DaiDodgeKeyboard+Animation.h"; sourceTree = "<group>"; };
		4C1F6E221AA5E1B0001DC576 /* DaiDodgeKeyboard+Animation.m */ = {isa = PBXFileReference; fileEncoding = 4; lastKnownFileType = sourcecode.c.objc; path = "DaiDodgeKeyboard+Animation.m"; sourceTree = "<group>"; };
		4C1F6E231AA5E1B0001DC576 /* DaiDodgeKeyboard.h */ = {isa = PBXFileReference; fileEncoding = 4; lastKnownFileType = sourcecode.c.h; path = DaiDodgeKeyboard.h; sourceTree = "<group>"; };
		4C1F6E241AA5E1B0001DC576 /* DaiDodgeKeyboard.m */ = {isa = PBXFileReference; fileEncoding = 4; lastKnownFileType = sourcecode.c.objc; path = DaiDodgeKeyboard.m; sourceTree = "<group>"; };
		4C1F6E251AA5E1B0001DC576 /* UIView+FirstResponderNotify.h */ = {isa = PBXFileReference; fileEncoding = 4; lastKnownFileType = sourcecode.c.h; path = "UIView+FirstResponderNotify.h"; sourceTree = "<group>"; };
		4C1F6E261AA5E1B0001DC576 /* UIView+FirstResponderNotify.m */ = {isa = PBXFileReference; fileEncoding = 4; lastKnownFileType = sourcecode.c.objc; path = "UIView+FirstResponderNotify.m"; sourceTree = "<group>"; };
		4C1F6E2B1AA6C632001DC576 /* ImportCourseStep1VC.h */ = {isa = PBXFileReference; fileEncoding = 4; lastKnownFileType = sourcecode.c.h; path = ImportCourseStep1VC.h; sourceTree = "<group>"; };
		4C1F6E2C1AA6C632001DC576 /* ImportCourseStep1VC.m */ = {isa = PBXFileReference; fileEncoding = 4; lastKnownFileType = sourcecode.c.objc; path = ImportCourseStep1VC.m; sourceTree = "<group>"; };
		4C1F6E311AA6D216001DC576 /* ImportCourseBL.h */ = {isa = PBXFileReference; fileEncoding = 4; lastKnownFileType = sourcecode.c.h; path = ImportCourseBL.h; sourceTree = "<group>"; };
		4C1F6E321AA6D216001DC576 /* ImportCourseBL.m */ = {isa = PBXFileReference; fileEncoding = 4; lastKnownFileType = sourcecode.c.objc; path = ImportCourseBL.m; sourceTree = "<group>"; };
		4C1F6E341AA6D2AD001DC576 /* ImportCourseDelegate.h */ = {isa = PBXFileReference; fileEncoding = 4; lastKnownFileType = sourcecode.c.h; path = ImportCourseDelegate.h; sourceTree = "<group>"; };
		4C1F79FD1AAEC6E000A9CDCD /* bgImage.png */ = {isa = PBXFileReference; lastKnownFileType = image.png; path = bgImage.png; sourceTree = "<group>"; };
		4C213D861A7680DE008CD12B /* CampusAssistant.app */ = {isa = PBXFileReference; explicitFileType = wrapper.application; includeInIndex = 0; path = CampusAssistant.app; sourceTree = BUILT_PRODUCTS_DIR; };
		4C213D891A7680DE008CD12B /* Foundation.framework */ = {isa = PBXFileReference; lastKnownFileType = wrapper.framework; name = Foundation.framework; path = System/Library/Frameworks/Foundation.framework; sourceTree = SDKROOT; };
		4C213D8B1A7680DE008CD12B /* CoreGraphics.framework */ = {isa = PBXFileReference; lastKnownFileType = wrapper.framework; name = CoreGraphics.framework; path = System/Library/Frameworks/CoreGraphics.framework; sourceTree = SDKROOT; };
		4C213D8D1A7680DE008CD12B /* UIKit.framework */ = {isa = PBXFileReference; lastKnownFileType = wrapper.framework; name = UIKit.framework; path = System/Library/Frameworks/UIKit.framework; sourceTree = SDKROOT; };
		4C213D911A7680DE008CD12B /* CampusAssistant-Info.plist */ = {isa = PBXFileReference; lastKnownFileType = text.plist.xml; path = "CampusAssistant-Info.plist"; sourceTree = "<group>"; };
		4C213D931A7680DE008CD12B /* en */ = {isa = PBXFileReference; lastKnownFileType = text.plist.strings; name = en; path = en.lproj/InfoPlist.strings; sourceTree = "<group>"; };
		4C213D951A7680DE008CD12B /* main.m */ = {isa = PBXFileReference; lastKnownFileType = sourcecode.c.objc; path = main.m; sourceTree = "<group>"; };
		4C213D971A7680DE008CD12B /* CampusAssistant-Prefix.pch */ = {isa = PBXFileReference; lastKnownFileType = sourcecode.c.h; path = "CampusAssistant-Prefix.pch"; sourceTree = "<group>"; };
		4C213D981A7680DE008CD12B /* AppDelegate.h */ = {isa = PBXFileReference; lastKnownFileType = sourcecode.c.h; path = AppDelegate.h; sourceTree = "<group>"; };
		4C213D991A7680DE008CD12B /* AppDelegate.m */ = {isa = PBXFileReference; lastKnownFileType = sourcecode.c.objc; path = AppDelegate.m; sourceTree = "<group>"; };
		4C213D9C1A7680DE008CD12B /* Base */ = {isa = PBXFileReference; lastKnownFileType = file.storyboard; name = Base; path = Base.lproj/Main.storyboard; sourceTree = "<group>"; };
		4C213D9E1A7680DE008CD12B /* ViewController.h */ = {isa = PBXFileReference; lastKnownFileType = sourcecode.c.h; path = ViewController.h; sourceTree = "<group>"; };
		4C213D9F1A7680DE008CD12B /* ViewController.m */ = {isa = PBXFileReference; lastKnownFileType = sourcecode.c.objc; path = ViewController.m; sourceTree = "<group>"; };
		4C213DA11A7680DE008CD12B /* Images.xcassets */ = {isa = PBXFileReference; lastKnownFileType = folder.assetcatalog; path = Images.xcassets; sourceTree = "<group>"; };
		4C213DA71A7680DE008CD12B /* CampusAssistantTests.xctest */ = {isa = PBXFileReference; explicitFileType = wrapper.cfbundle; includeInIndex = 0; path = CampusAssistantTests.xctest; sourceTree = BUILT_PRODUCTS_DIR; };
		4C213DA81A7680DE008CD12B /* XCTest.framework */ = {isa = PBXFileReference; lastKnownFileType = wrapper.framework; name = XCTest.framework; path = Library/Frameworks/XCTest.framework; sourceTree = DEVELOPER_DIR; };
		4C213DB01A7680DE008CD12B /* CampusAssistantTests-Info.plist */ = {isa = PBXFileReference; lastKnownFileType = text.plist.xml; path = "CampusAssistantTests-Info.plist"; sourceTree = "<group>"; };
		4C213DB21A7680DE008CD12B /* en */ = {isa = PBXFileReference; lastKnownFileType = text.plist.strings; name = en; path = en.lproj/InfoPlist.strings; sourceTree = "<group>"; };
		4C213DB41A7680DE008CD12B /* CampusAssistantTests.m */ = {isa = PBXFileReference; lastKnownFileType = sourcecode.c.objc; path = CampusAssistantTests.m; sourceTree = "<group>"; };
		4C213DBE1A7688E3008CD12B /* img01.jpg */ = {isa = PBXFileReference; lastKnownFileType = image.jpeg; path = img01.jpg; sourceTree = "<group>"; };
		4C213DC11A769DA1008CD12B /* BaseRequestUrl.h */ = {isa = PBXFileReference; fileEncoding = 4; lastKnownFileType = sourcecode.c.h; path = BaseRequestUrl.h; sourceTree = "<group>"; };
		4C213DC21A769DA1008CD12B /* BaseRequestUrl.m */ = {isa = PBXFileReference; fileEncoding = 4; lastKnownFileType = sourcecode.c.objc; path = BaseRequestUrl.m; sourceTree = "<group>"; };
		4C282FEB1A77A16300B36D47 /* TimetableViewController.h */ = {isa = PBXFileReference; fileEncoding = 4; lastKnownFileType = sourcecode.c.h; name = TimetableViewController.h; path = CampusAssistant/TimetableViewController.h; sourceTree = "<group>"; };
		4C282FEC1A77A16300B36D47 /* TimetableViewController.m */ = {isa = PBXFileReference; fileEncoding = 4; lastKnownFileType = sourcecode.c.objc; name = TimetableViewController.m; path = CampusAssistant/TimetableViewController.m; sourceTree = "<group>"; };
		4C282FEF1A77A1A800B36D47 /* FindViewController.h */ = {isa = PBXFileReference; fileEncoding = 4; lastKnownFileType = sourcecode.c.h; name = FindViewController.h; path = ../FindViewController.h; sourceTree = "<group>"; };
		4C282FF01A77A1A800B36D47 /* FindViewController.m */ = {isa = PBXFileReference; fileEncoding = 4; lastKnownFileType = sourcecode.c.objc; name = FindViewController.m; path = ../FindViewController.m; sourceTree = "<group>"; };
		4C282FF41A77A1D100B36D47 /* AboutMeViewController.h */ = {isa = PBXFileReference; fileEncoding = 4; lastKnownFileType = sourcecode.c.h; path = AboutMeViewController.h; sourceTree = "<group>"; };
		4C282FF51A77A1D100B36D47 /* AboutMeViewController.m */ = {isa = PBXFileReference; fileEncoding = 4; lastKnownFileType = sourcecode.c.objc; path = AboutMeViewController.m; sourceTree = "<group>"; };
		4C342CB91AAFF97E0064C8CE /* CourseDetailViewController.h */ = {isa = PBXFileReference; fileEncoding = 4; lastKnownFileType = sourcecode.c.h; path = CourseDetailViewController.h; sourceTree = "<group>"; };
		4C342CBA1AAFF97E0064C8CE /* CourseDetailViewController.m */ = {isa = PBXFileReference; fileEncoding = 4; lastKnownFileType = sourcecode.c.objc; path = CourseDetailViewController.m; sourceTree = "<group>"; };
		4C342CBB1AAFF97E0064C8CE /* CourseDetailViewController.xib */ = {isa = PBXFileReference; fileEncoding = 4; lastKnownFileType = file.xib; path = CourseDetailViewController.xib; sourceTree = "<group>"; };
		4C342CD41AB01DD80064C8CE /* pic_tabbar_course_selected@2x.png */ = {isa = PBXFileReference; lastKnownFileType = image.png; path = "pic_tabbar_course_selected@2x.png"; sourceTree = "<group>"; };
		4C342CD61AB01DF20064C8CE /* pic_tabbar_course@2x.png */ = {isa = PBXFileReference; lastKnownFileType = image.png; path = "pic_tabbar_course@2x.png"; sourceTree = "<group>"; };
		4C342CD81AB01DFF0064C8CE /* pic_tabbar_find_selected@2x.png */ = {isa = PBXFileReference; lastKnownFileType = image.png; path = "pic_tabbar_find_selected@2x.png"; sourceTree = "<group>"; };
		4C342CD91AB01DFF0064C8CE /* pic_tabbar_find@2x.png */ = {isa = PBXFileReference; lastKnownFileType = image.png; path = "pic_tabbar_find@2x.png"; sourceTree = "<group>"; };
		4C342CDA1AB01DFF0064C8CE /* pic_tabbar_setting_selected@2x.png */ = {isa = PBXFileReference; lastKnownFileType = image.png; path = "pic_tabbar_setting_selected@2x.png"; sourceTree = "<group>"; };
		4C342CDB1AB01DFF0064C8CE /* pic_tabbar_setting@2x.png */ = {isa = PBXFileReference; lastKnownFileType = image.png; path = "pic_tabbar_setting@2x.png"; sourceTree = "<group>"; };
		4C342CE11AB01EAD0064C8CE /* ImageConfig.h */ = {isa = PBXFileReference; lastKnownFileType = sourcecode.c.h; path = ImageConfig.h; sourceTree = "<group>"; };
		4C342CE61AB065D60064C8CE /* Decoder.h */ = {isa = PBXFileReference; fileEncoding = 4; lastKnownFileType = sourcecode.c.h; path = Decoder.h; sourceTree = "<group>"; };
		4C342CE71AB065D60064C8CE /* Exception.h */ = {isa = PBXFileReference; fileEncoding = 4; lastKnownFileType = sourcecode.c.h; path = Exception.h; sourceTree = "<group>"; };
		4C342CE81AB065D60064C8CE /* Image.h */ = {isa = PBXFileReference; fileEncoding = 4; lastKnownFileType = sourcecode.c.h; path = Image.h; sourceTree = "<group>"; };
		4C342CE91AB065D60064C8CE /* ImageScanner.h */ = {isa = PBXFileReference; fileEncoding = 4; lastKnownFileType = sourcecode.c.h; path = ImageScanner.h; sourceTree = "<group>"; };
		4C342CEA1AB065D60064C8CE /* Processor.h */ = {isa = PBXFileReference; fileEncoding = 4; lastKnownFileType = sourcecode.c.h; path = Processor.h; sourceTree = "<group>"; };
		4C342CEB1AB065D60064C8CE /* Scanner.h */ = {isa = PBXFileReference; fileEncoding = 4; lastKnownFileType = sourcecode.c.h; path = Scanner.h; sourceTree = "<group>"; };
		4C342CEC1AB065D60064C8CE /* Symbol.h */ = {isa = PBXFileReference; fileEncoding = 4; lastKnownFileType = sourcecode.c.h; path = Symbol.h; sourceTree = "<group>"; };
		4C342CED1AB065D60064C8CE /* Video.h */ = {isa = PBXFileReference; fileEncoding = 4; lastKnownFileType = sourcecode.c.h; path = Video.h; sourceTree = "<group>"; };
		4C342CEE1AB065D60064C8CE /* Window.h */ = {isa = PBXFileReference; fileEncoding = 4; lastKnownFileType = sourcecode.c.h; path = Window.h; sourceTree = "<group>"; };
		4C342CEF1AB065D60064C8CE /* zbar.h */ = {isa = PBXFileReference; fileEncoding = 4; lastKnownFileType = sourcecode.c.h; path = zbar.h; sourceTree = "<group>"; };
		4C342CF01AB065D60064C8CE /* ZBarCameraSimulator.h */ = {isa = PBXFileReference; fileEncoding = 4; lastKnownFileType = sourcecode.c.h; path = ZBarCameraSimulator.h; sourceTree = "<group>"; };
		4C342CF11AB065D60064C8CE /* ZBarCaptureReader.h */ = {isa = PBXFileReference; fileEncoding = 4; lastKnownFileType = sourcecode.c.h; path = ZBarCaptureReader.h; sourceTree = "<group>"; };
		4C342CF21AB065D60064C8CE /* ZBarHelpController.h */ = {isa = PBXFileReference; fileEncoding = 4; lastKnownFileType = sourcecode.c.h; path = ZBarHelpController.h; sourceTree = "<group>"; };
		4C342CF31AB065D60064C8CE /* ZBarImage.h */ = {isa = PBXFileReference; fileEncoding = 4; lastKnownFileType = sourcecode.c.h; path = ZBarImage.h; sourceTree = "<group>"; };
		4C342CF41AB065D60064C8CE /* ZBarImageScanner.h */ = {isa = PBXFileReference; fileEncoding = 4; lastKnownFileType = sourcecode.c.h; path = ZBarImageScanner.h; sourceTree = "<group>"; };
		4C342CF51AB065D60064C8CE /* ZBarReaderController.h */ = {isa = PBXFileReference; fileEncoding = 4; lastKnownFileType = sourcecode.c.h; path = ZBarReaderController.h; sourceTree = "<group>"; };
		4C342CF61AB065D60064C8CE /* ZBarReaderView.h */ = {isa = PBXFileReference; fileEncoding = 4; lastKnownFileType = sourcecode.c.h; path = ZBarReaderView.h; sourceTree = "<group>"; };
		4C342CF71AB065D60064C8CE /* ZBarReaderViewController.h */ = {isa = PBXFileReference; fileEncoding = 4; lastKnownFileType = sourcecode.c.h; path = ZBarReaderViewController.h; sourceTree = "<group>"; };
		4C342CF81AB065D60064C8CE /* ZBarSDK.h */ = {isa = PBXFileReference; fileEncoding = 4; lastKnownFileType = sourcecode.c.h; path = ZBarSDK.h; sourceTree = "<group>"; };
		4C342CF91AB065D60064C8CE /* ZBarSymbol.h */ = {isa = PBXFileReference; fileEncoding = 4; lastKnownFileType = sourcecode.c.h; path = ZBarSymbol.h; sourceTree = "<group>"; };
		4C342CFA1AB065D60064C8CE /* libzbar.a */ = {isa = PBXFileReference; lastKnownFileType = archive.ar; path = libzbar.a; sourceTree = "<group>"; };
		4C342CFC1AB065D60064C8CE /* zbar-back.png */ = {isa = PBXFileReference; lastKnownFileType = image.png; path = "zbar-back.png"; sourceTree = "<group>"; };
		4C342CFD1AB065D60064C8CE /* zbar-help.html */ = {isa = PBXFileReference; fileEncoding = 4; lastKnownFileType = text.html; path = "zbar-help.html"; sourceTree = "<group>"; };
		4C342CFE1AB065D60064C8CE /* zbar-helpicons.png */ = {isa = PBXFileReference; lastKnownFileType = image.png; path = "zbar-helpicons.png"; sourceTree = "<group>"; };
		4C342CFF1AB065D60064C8CE /* zbar-samples.png */ = {isa = PBXFileReference; lastKnownFileType = image.png; path = "zbar-samples.png"; sourceTree = "<group>"; };
		4C342D051AB0660C0064C8CE /* AVFoundation.framework */ = {isa = PBXFileReference; lastKnownFileType = wrapper.framework; name = AVFoundation.framework; path = System/Library/Frameworks/AVFoundation.framework; sourceTree = SDKROOT; };
		4C342D071AB066180064C8CE /* CoreMedia.framework */ = {isa = PBXFileReference; lastKnownFileType = wrapper.framework; name = CoreMedia.framework; path = System/Library/Frameworks/CoreMedia.framework; sourceTree = SDKROOT; };
		4C342D091AB066220064C8CE /* CoreVideo.framework */ = {isa = PBXFileReference; lastKnownFileType = wrapper.framework; name = CoreVideo.framework; path = System/Library/Frameworks/CoreVideo.framework; sourceTree = SDKROOT; };
		4C342D0B1AB066300064C8CE /* QuartzCore.framework */ = {isa = PBXFileReference; lastKnownFileType = wrapper.framework; name = QuartzCore.framework; path = System/Library/Frameworks/QuartzCore.framework; sourceTree = SDKROOT; };
		4C342D0D1AB0663A0064C8CE /* libiconv.dylib */ = {isa = PBXFileReference; lastKnownFileType = "compiled.mach-o.dylib"; name = libiconv.dylib; path = usr/lib/libiconv.dylib; sourceTree = SDKROOT; };
		4C342D131AB06E670064C8CE /* pic_find_treehole@2x.png */ = {isa = PBXFileReference; lastKnownFileType = image.png; name = "pic_find_treehole@2x.png"; path = "../../../../../Desktop/appImages/pic_find_treehole@2x.png"; sourceTree = "<group>"; };
		4C342D1B1AB0740C0064C8CE /* MyDIYButton.h */ = {isa = PBXFileReference; fileEncoding = 4; lastKnownFileType = sourcecode.c.h; path = MyDIYButton.h; sourceTree = "<group>"; };
		4C342D1C1AB0740C0064C8CE /* MyDIYButton.m */ = {isa = PBXFileReference; fileEncoding = 4; lastKnownFileType = sourcecode.c.objc; path = MyDIYButton.m; sourceTree = "<group>"; };
		4C342D1E1AB07AF20064C8CE /* pic_find_robot@2x.png */ = {isa = PBXFileReference; lastKnownFileType = image.png; path = "pic_find_robot@2x.png"; sourceTree = "<group>"; };
		4C342D201AB07B870064C8CE /* pic_find_countdown@2x.png */ = {isa = PBXFileReference; lastKnownFileType = image.png; path = "pic_find_countdown@2x.png"; sourceTree = "<group>"; };
		4C342D231AB07FBE0064C8CE /* pic_main_course_week_bg@2x.png */ = {isa = PBXFileReference; lastKnownFileType = image.png; path = "pic_main_course_week_bg@2x.png"; sourceTree = "<group>"; };
		4C342D261AB174990064C8CE /* QRSignInBL.h */ = {isa = PBXFileReference; fileEncoding = 4; lastKnownFileType = sourcecode.c.h; path = QRSignInBL.h; sourceTree = "<group>"; };
		4C342D271AB174990064C8CE /* QRSignInBL.m */ = {isa = PBXFileReference; fileEncoding = 4; lastKnownFileType = sourcecode.c.objc; path = QRSignInBL.m; sourceTree = "<group>"; };
		4C342D291AB174B00064C8CE /* QRSignInDelegate.h */ = {isa = PBXFileReference; lastKnownFileType = sourcecode.c.h; path = QRSignInDelegate.h; sourceTree = "<group>"; };
		4C342D2A1AB1806D0064C8CE /* QRSignInViewController.h */ = {isa = PBXFileReference; fileEncoding = 4; lastKnownFileType = sourcecode.c.h; path = QRSignInViewController.h; sourceTree = "<group>"; };
		4C342D2B1AB1806D0064C8CE /* QRSignInViewController.m */ = {isa = PBXFileReference; fileEncoding = 4; lastKnownFileType = sourcecode.c.objc; path = QRSignInViewController.m; sourceTree = "<group>"; };
		4C342D2C1AB1806D0064C8CE /* QRSignInViewController.xib */ = {isa = PBXFileReference; fileEncoding = 4; lastKnownFileType = file.xib; path = QRSignInViewController.xib; sourceTree = "<group>"; };
		4C342D301AB1BA180064C8CE /* ShakeItViewController.h */ = {isa = PBXFileReference; fileEncoding = 4; lastKnownFileType = sourcecode.c.h; path = ShakeItViewController.h; sourceTree = "<group>"; };
		4C342D311AB1BA180064C8CE /* ShakeItViewController.m */ = {isa = PBXFileReference; fileEncoding = 4; lastKnownFileType = sourcecode.c.objc; path = ShakeItViewController.m; sourceTree = "<group>"; };
		4C342D321AB1BA180064C8CE /* ShakeItViewController.xib */ = {isa = PBXFileReference; fileEncoding = 4; lastKnownFileType = file.xib; path = ShakeItViewController.xib; sourceTree = "<group>"; };
		4C342D3A1AB1C19D0064C8CE /* ShakeItDelegate.h */ = {isa = PBXFileReference; lastKnownFileType = sourcecode.c.h; path = ShakeItDelegate.h; sourceTree = "<group>"; };
		4C49866C1A79327E00F2CA42 /* UserInfoModel.h */ = {isa = PBXFileReference; fileEncoding = 4; lastKnownFileType = sourcecode.c.h; path = UserInfoModel.h; sourceTree = "<group>"; };
		4C49866D1A79327E00F2CA42 /* UserInfoModel.m */ = {isa = PBXFileReference; fileEncoding = 4; lastKnownFileType = sourcecode.c.objc; path = UserInfoModel.m; sourceTree = "<group>"; };
		4C4986721A7936DB00F2CA42 /* RequestDelegate.h */ = {isa = PBXFileReference; lastKnownFileType = sourcecode.c.h; path = RequestDelegate.h; sourceTree = "<group>"; };
		4C4986731A7937F100F2CA42 /* MyRequest.h */ = {isa = PBXFileReference; fileEncoding = 4; lastKnownFileType = sourcecode.c.h; path = MyRequest.h; sourceTree = "<group>"; };
		4C4986741A7937F100F2CA42 /* MyRequest.m */ = {isa = PBXFileReference; fileEncoding = 4; lastKnownFileType = sourcecode.c.objc; path = MyRequest.m; sourceTree = "<group>"; };
		4C4986771A79437400F2CA42 /* LoginAndRegisterDelegate.h */ = {isa = PBXFileReference; lastKnownFileType = sourcecode.c.h; path = LoginAndRegisterDelegate.h; sourceTree = "<group>"; };
		4C4986781A79447D00F2CA42 /* LoginAndRegisterBusiness.h */ = {isa = PBXFileReference; fileEncoding = 4; lastKnownFileType = sourcecode.c.h; path = LoginAndRegisterBusiness.h; sourceTree = "<group>"; };
		4C4986791A79447D00F2CA42 /* LoginAndRegisterBusiness.m */ = {isa = PBXFileReference; fileEncoding = 4; lastKnownFileType = sourcecode.c.objc; path = LoginAndRegisterBusiness.m; sourceTree = "<group>"; };
		4C49867B1A794AAA00F2CA42 /* ObjectFileManager.h */ = {isa = PBXFileReference; fileEncoding = 4; lastKnownFileType = sourcecode.c.h; path = ObjectFileManager.h; sourceTree = "<group>"; };
		4C49867C1A794AAA00F2CA42 /* ObjectFileManager.m */ = {isa = PBXFileReference; fileEncoding = 4; lastKnownFileType = sourcecode.c.objc; path = ObjectFileManager.m; sourceTree = "<group>"; };
		4C4A179F1A7FC4220027F303 /* background.jpg */ = {isa = PBXFileReference; lastKnownFileType = image.jpeg; name = background.jpg; path = ../background.jpg; sourceTree = "<group>"; };
		4C5CA7FD1A79FF7700627BB9 /* ObjectFileDelegate.h */ = {isa = PBXFileReference; lastKnownFileType = sourcecode.c.h; path = ObjectFileDelegate.h; sourceTree = "<group>"; };
		4C5CA7FF1A7A59DC00627BB9 /* MJConst.h */ = {isa = PBXFileReference; fileEncoding = 4; lastKnownFileType = sourcecode.c.h; path = MJConst.h; sourceTree = "<group>"; };
		4C5CA8001A7A59DC00627BB9 /* MJConst.m */ = {isa = PBXFileReference; fileEncoding = 4; lastKnownFileType = sourcecode.c.objc; path = MJConst.m; sourceTree = "<group>"; };
		4C5CA8011A7A59DC00627BB9 /* MJExtension.h */ = {isa = PBXFileReference; fileEncoding = 4; lastKnownFileType = sourcecode.c.h; path = MJExtension.h; sourceTree = "<group>"; };
		4C5CA8021A7A59DC00627BB9 /* MJFoundation.h */ = {isa = PBXFileReference; fileEncoding = 4; lastKnownFileType = sourcecode.c.h; path = MJFoundation.h; sourceTree = "<group>"; };
		4C5CA8031A7A59DC00627BB9 /* MJFoundation.m */ = {isa = PBXFileReference; fileEncoding = 4; lastKnownFileType = sourcecode.c.objc; path = MJFoundation.m; sourceTree = "<group>"; };
		4C5CA8041A7A59DC00627BB9 /* MJIvar.h */ = {isa = PBXFileReference; fileEncoding = 4; lastKnownFileType = sourcecode.c.h; path = MJIvar.h; sourceTree = "<group>"; };
		4C5CA8051A7A59DC00627BB9 /* MJIvar.m */ = {isa = PBXFileReference; fileEncoding = 4; lastKnownFileType = sourcecode.c.objc; path = MJIvar.m; sourceTree = "<group>"; };
		4C5CA8061A7A59DC00627BB9 /* MJType.h */ = {isa = PBXFileReference; fileEncoding = 4; lastKnownFileType = sourcecode.c.h; path = MJType.h; sourceTree = "<group>"; };
		4C5CA8071A7A59DC00627BB9 /* MJType.m */ = {isa = PBXFileReference; fileEncoding = 4; lastKnownFileType = sourcecode.c.objc; path = MJType.m; sourceTree = "<group>"; };
		4C5CA8081A7A59DC00627BB9 /* NSObject+MJCoding.h */ = {isa = PBXFileReference; fileEncoding = 4; lastKnownFileType = sourcecode.c.h; path = "NSObject+MJCoding.h"; sourceTree = "<group>"; };
		4C5CA8091A7A59DC00627BB9 /* NSObject+MJCoding.m */ = {isa = PBXFileReference; fileEncoding = 4; lastKnownFileType = sourcecode.c.objc; path = "NSObject+MJCoding.m"; sourceTree = "<group>"; };
		4C5CA80A1A7A59DC00627BB9 /* NSObject+MJIvar.h */ = {isa = PBXFileReference; fileEncoding = 4; lastKnownFileType = sourcecode.c.h; path = "NSObject+MJIvar.h"; sourceTree = "<group>"; };
		4C5CA80B1A7A59DC00627BB9 /* NSObject+MJIvar.m */ = {isa = PBXFileReference; fileEncoding = 4; lastKnownFileType = sourcecode.c.objc; path = "NSObject+MJIvar.m"; sourceTree = "<group>"; };
		4C5CA80C1A7A59DC00627BB9 /* NSObject+MJKeyValue.h */ = {isa = PBXFileReference; fileEncoding = 4; lastKnownFileType = sourcecode.c.h; path = "NSObject+MJKeyValue.h"; sourceTree = "<group>"; };
		4C5CA80D1A7A59DC00627BB9 /* NSObject+MJKeyValue.m */ = {isa = PBXFileReference; fileEncoding = 4; lastKnownFileType = sourcecode.c.objc; path = "NSObject+MJKeyValue.m"; sourceTree = "<group>"; };
		4C5CA8161A7A6FA700627BB9 /* CourseBLDelegate.h */ = {isa = PBXFileReference; lastKnownFileType = sourcecode.c.h; path = CourseBLDelegate.h; sourceTree = "<group>"; };
		4C5CA81A1A7A700D00627BB9 /* CourseModel.h */ = {isa = PBXFileReference; fileEncoding = 4; lastKnownFileType = sourcecode.c.h; path = CourseModel.h; sourceTree = "<group>"; };
		4C5CA81B1A7A700D00627BB9 /* CourseModel.m */ = {isa = PBXFileReference; fileEncoding = 4; lastKnownFileType = sourcecode.c.objc; path = CourseModel.m; sourceTree = "<group>"; };
		4C5CA81E1A7A71A000627BB9 /* CourseBL.h */ = {isa = PBXFileReference; fileEncoding = 4; lastKnownFileType = sourcecode.c.h; path = CourseBL.h; sourceTree = "<group>"; };
		4C5CA81F1A7A71A000627BB9 /* CourseBL.m */ = {isa = PBXFileReference; fileEncoding = 4; lastKnownFileType = sourcecode.c.objc; path = CourseBL.m; sourceTree = "<group>"; };
		4C5CA8211A7B4D0000627BB9 /* CourseConfig.h */ = {isa = PBXFileReference; lastKnownFileType = sourcecode.c.h; path = CourseConfig.h; sourceTree = "<group>"; };
		4C5CA8261A7B6B6400627BB9 /* YYAnimationIndicator.h */ = {isa = PBXFileReference; fileEncoding = 4; lastKnownFileType = sourcecode.c.h; path = YYAnimationIndicator.h; sourceTree = "<group>"; };
		4C5CA8271A7B6B6400627BB9 /* YYAnimationIndicator.m */ = {isa = PBXFileReference; fileEncoding = 4; lastKnownFileType = sourcecode.c.objc; path = YYAnimationIndicator.m; sourceTree = "<group>"; };
		4C5CA8291A7B6B8200627BB9 /* 1.png */ = {isa = PBXFileReference; lastKnownFileType = image.png; path = 1.png; sourceTree = "<group>"; };
		4C5CA82A1A7B6B8200627BB9 /* 2.png */ = {isa = PBXFileReference; lastKnownFileType = image.png; path = 2.png; sourceTree = "<group>"; };
		4C5CA82B1A7B6B8200627BB9 /* 3.png */ = {isa = PBXFileReference; lastKnownFileType = image.png; path = 3.png; sourceTree = "<group>"; };
		4C5CA82C1A7B6B8200627BB9 /* 4.png */ = {isa = PBXFileReference; lastKnownFileType = image.png; path = 4.png; sourceTree = "<group>"; };
		4C5CA82D1A7B6B8200627BB9 /* 5.png */ = {isa = PBXFileReference; lastKnownFileType = image.png; path = 5.png; sourceTree = "<group>"; };
		4C5CA82E1A7B6B8200627BB9 /* 6.png */ = {isa = PBXFileReference; lastKnownFileType = image.png; path = 6.png; sourceTree = "<group>"; };
		4C5CA83A1A7B8C6400627BB9 /* GMDCircleLoader.h */ = {isa = PBXFileReference; fileEncoding = 4; lastKnownFileType = sourcecode.c.h; path = GMDCircleLoader.h; sourceTree = "<group>"; };
		4C5CA83B1A7B8C6400627BB9 /* GMDCircleLoader.m */ = {isa = PBXFileReference; fileEncoding = 4; lastKnownFileType = sourcecode.c.objc; path = GMDCircleLoader.m; sourceTree = "<group>"; };
		4C5CA8691A7B988A00627BB9 /* UIImage+KVNEmpty.h */ = {isa = PBXFileReference; fileEncoding = 4; lastKnownFileType = sourcecode.c.h; path = "UIImage+KVNEmpty.h"; sourceTree = "<group>"; };
		4C5CA86A1A7B988A00627BB9 /* UIImage+KVNEmpty.m */ = {isa = PBXFileReference; fileEncoding = 4; lastKnownFileType = sourcecode.c.objc; path = "UIImage+KVNEmpty.m"; sourceTree = "<group>"; };
		4C5CA86B1A7B988A00627BB9 /* UIImage+KVNImageEffects.h */ = {isa = PBXFileReference; fileEncoding = 4; lastKnownFileType = sourcecode.c.h; path = "UIImage+KVNImageEffects.h"; sourceTree = "<group>"; };
		4C5CA86C1A7B988A00627BB9 /* UIImage+KVNImageEffects.m */ = {isa = PBXFileReference; fileEncoding = 4; lastKnownFileType = sourcecode.c.objc; path = "UIImage+KVNImageEffects.m"; sourceTree = "<group>"; };
		4C5CA86E1A7B988A00627BB9 /* KVNProgress.h */ = {isa = PBXFileReference; fileEncoding = 4; lastKnownFileType = sourcecode.c.h; path = KVNProgress.h; sourceTree = "<group>"; };
		4C5CA86F1A7B988A00627BB9 /* KVNProgress.m */ = {isa = PBXFileReference; fileEncoding = 4; lastKnownFileType = sourcecode.c.objc; path = KVNProgress.m; sourceTree = "<group>"; };
		4C5CA87C1A7B988A00627BB9 /* KVNProgressView.xib */ = {isa = PBXFileReference; fileEncoding = 4; lastKnownFileType = file.xib; path = KVNProgressView.xib; sourceTree = "<group>"; };
		4C5CA8891A7B9B2400627BB9 /* DrawLabelAndButton.h */ = {isa = PBXFileReference; fileEncoding = 4; lastKnownFileType = sourcecode.c.h; path = DrawLabelAndButton.h; sourceTree = "<group>"; };
		4C5CA88A1A7B9B2400627BB9 /* DrawLabelAndButton.m */ = {isa = PBXFileReference; fileEncoding = 4; lastKnownFileType = sourcecode.c.objc; path = DrawLabelAndButton.m; sourceTree = "<group>"; };
		4C9841711A81033000C12DF1 /* RegisterViewController.h */ = {isa = PBXFileReference; fileEncoding = 4; lastKnownFileType = sourcecode.c.h; path = RegisterViewController.h; sourceTree = "<group>"; };
		4C9841721A81033000C12DF1 /* RegisterViewController.m */ = {isa = PBXFileReference; fileEncoding = 4; lastKnownFileType = sourcecode.c.objc; path = RegisterViewController.m; sourceTree = "<group>"; };
		4CDB93021AAD7727005625BF /* ImportCourseStep2VC.h */ = {isa = PBXFileReference; fileEncoding = 4; lastKnownFileType = sourcecode.c.h; path = ImportCourseStep2VC.h; sourceTree = "<group>"; };
		4CDB93031AAD7727005625BF /* ImportCourseStep2VC.m */ = {isa = PBXFileReference; fileEncoding = 4; lastKnownFileType = sourcecode.c.objc; path = ImportCourseStep2VC.m; sourceTree = "<group>"; };
		4CDB93041AAD7727005625BF /* ImportCourseStep2VC.xib */ = {isa = PBXFileReference; fileEncoding = 4; lastKnownFileType = file.xib; path = ImportCourseStep2VC.xib; sourceTree = "<group>"; };
/* End PBXFileReference section */

/* Begin PBXFrameworksBuildPhase section */
		4C213D831A7680DE008CD12B /* Frameworks */ = {
			isa = PBXFrameworksBuildPhase;
			buildActionMask = 2147483647;
			files = (
				4C342D0E1AB0663A0064C8CE /* libiconv.dylib in Frameworks */,
				4C342D0C1AB066300064C8CE /* QuartzCore.framework in Frameworks */,
				4C342D0A1AB066220064C8CE /* CoreVideo.framework in Frameworks */,
				4C342D081AB066180064C8CE /* CoreMedia.framework in Frameworks */,
				4C342D061AB0660C0064C8CE /* AVFoundation.framework in Frameworks */,
				4C12C4A41A77D98D00BE6775 /* Security.framework in Frameworks */,
				4C12C4A21A77D98300BE6775 /* CFNetwork.framework in Frameworks */,
				4C342D001AB065D60064C8CE /* libzbar.a in Frameworks */,
				4C12C4A01A77D97800BE6775 /* SystemConfiguration.framework in Frameworks */,
				4C213D8C1A7680DE008CD12B /* CoreGraphics.framework in Frameworks */,
				4C213D8E1A7680DE008CD12B /* UIKit.framework in Frameworks */,
				4C213D8A1A7680DE008CD12B /* Foundation.framework in Frameworks */,
			);
			runOnlyForDeploymentPostprocessing = 0;
		};
		4C213DA41A7680DE008CD12B /* Frameworks */ = {
			isa = PBXFrameworksBuildPhase;
			buildActionMask = 2147483647;
			files = (
				4C213DA91A7680DE008CD12B /* XCTest.framework in Frameworks */,
				4C213DAB1A7680DE008CD12B /* UIKit.framework in Frameworks */,
				4C213DAA1A7680DE008CD12B /* Foundation.framework in Frameworks */,
			);
			runOnlyForDeploymentPostprocessing = 0;
		};
/* End PBXFrameworksBuildPhase section */

/* Begin PBXGroup section */
		4C12C4A51A77DA1000BE6775 /* MKNetworkKit */ = {
			isa = PBXGroup;
			children = (
				4C12C4A61A77DA1000BE6775 /* Categories */,
				4C12C4B51A77DA1000BE6775 /* MKNetworkEngine.h */,
				4C12C4B61A77DA1000BE6775 /* MKNetworkEngine.m */,
				4C12C4B71A77DA1000BE6775 /* MKNetworkKit.h */,
				4C12C4B81A77DA1000BE6775 /* MKNetworkOperation.h */,
				4C12C4B91A77DA1000BE6775 /* MKNetworkOperation.m */,
				4C12C4BA1A77DA1000BE6775 /* Reachability */,
			);
			path = MKNetworkKit;
			sourceTree = "<group>";
		};
		4C12C4A61A77DA1000BE6775 /* Categories */ = {
			isa = PBXGroup;
			children = (
				4C12C4A71A77DA1000BE6775 /* NSAlert+MKNetworkKitAdditions.h */,
				4C12C4A81A77DA1000BE6775 /* NSAlert+MKNetworkKitAdditions.m */,
				4C12C4A91A77DA1000BE6775 /* NSData+MKBase64.h */,
				4C12C4AA1A77DA1000BE6775 /* NSData+MKBase64.m */,
				4C12C4AB1A77DA1000BE6775 /* NSDate+RFC1123.h */,
				4C12C4AC1A77DA1000BE6775 /* NSDate+RFC1123.m */,
				4C12C4AD1A77DA1000BE6775 /* NSDictionary+RequestEncoding.h */,
				4C12C4AE1A77DA1000BE6775 /* NSDictionary+RequestEncoding.m */,
				4C12C4AF1A77DA1000BE6775 /* NSString+MKNetworkKitAdditions.h */,
				4C12C4B01A77DA1000BE6775 /* NSString+MKNetworkKitAdditions.m */,
				4C12C4B11A77DA1000BE6775 /* UIAlertView+MKNetworkKitAdditions.h */,
				4C12C4B21A77DA1000BE6775 /* UIAlertView+MKNetworkKitAdditions.m */,
				4C12C4B31A77DA1000BE6775 /* UIImageView+MKNetworkKitAdditions.h */,
				4C12C4B41A77DA1000BE6775 /* UIImageView+MKNetworkKitAdditions.m */,
			);
			path = Categories;
			sourceTree = "<group>";
		};
		4C12C4BA1A77DA1000BE6775 /* Reachability */ = {
			isa = PBXGroup;
			children = (
				4C12C4BB1A77DA1000BE6775 /* Reachability.h */,
				4C12C4BC1A77DA1000BE6775 /* Reachability.m */,
			);
			path = Reachability;
			sourceTree = "<group>";
		};
		4C16367B1AB339F500AE29E4 /* aboutme */ = {
			isa = PBXGroup;
			children = (
				4C1636841AB33B8900AE29E4 /* pic_setting_maxcount_img@2x.png */,
				4C1636821AB33B8200AE29E4 /* pic_setting_now_week_img@2x.png */,
				4C1636801AB33B6E00AE29E4 /* pic_setting_logout_img@2x.png */,
				4C16367C1AB33ABF00AE29E4 /* pic_super_account@2x.png */,
				4C16367E1AB33B6600AE29E4 /* pic_setting_change_term_img@2x.png */,
			);
			name = aboutme;
			sourceTree = "<group>";
		};
		4C17EBC61AB2AEDD00F1C27B /* shakeIt */ = {
			isa = PBXGroup;
			children = (
				4C17EBD31AB2AF8200F1C27B /* pic_main_course_week.png */,
				4C17EBD41AB2AF8200F1C27B /* pic_main_course_week@2x.png */,
				4C17EBCF1AB2AF7000F1C27B /* pic_main_course_section.png */,
				4C17EBD01AB2AF7000F1C27B /* pic_main_course_section@2x.png */,
				4C17EBCB1AB2AF5E00F1C27B /* pic_main_course_classroom.png */,
				4C17EBCC1AB2AF5E00F1C27B /* pic_main_course_classroom@2x.png */,
				4C17EBC91AB2AF3A00F1C27B /* pic_main_course_teacher.png */,
				4C17EBC71AB2AEEB00F1C27B /* pic_main_course_teacher@2x.png */,
			);
			name = shakeIt;
			sourceTree = "<group>";
		};
		4C1F6E1E1AA5E1B0001DC576 /* DaiDodgeKeyboard */ = {
			isa = PBXGroup;
			children = (
				4C1F6E1F1AA5E1B0001DC576 /* DaiDodgeKeyboard+AccessObject.h */,
				4C1F6E201AA5E1B0001DC576 /* DaiDodgeKeyboard+AccessObject.m */,
				4C1F6E211AA5E1B0001DC576 /* DaiDodgeKeyboard+Animation.h */,
				4C1F6E221AA5E1B0001DC576 /* DaiDodgeKeyboard+Animation.m */,
				4C1F6E231AA5E1B0001DC576 /* DaiDodgeKeyboard.h */,
				4C1F6E241AA5E1B0001DC576 /* DaiDodgeKeyboard.m */,
				4C1F6E251AA5E1B0001DC576 /* UIView+FirstResponderNotify.h */,
				4C1F6E261AA5E1B0001DC576 /* UIView+FirstResponderNotify.m */,
			);
			path = DaiDodgeKeyboard;
			sourceTree = "<group>";
		};
		4C1F6E2E1AA6D16E001DC576 /* ImportCourseBL */ = {
			isa = PBXGroup;
			children = (
				4C1F6E311AA6D216001DC576 /* ImportCourseBL.h */,
				4C1F6E321AA6D216001DC576 /* ImportCourseBL.m */,
				4C1F6E341AA6D2AD001DC576 /* ImportCourseDelegate.h */,
			);
			name = ImportCourseBL;
			sourceTree = "<group>";
		};
		4C213D7D1A7680DE008CD12B = {
			isa = PBXGroup;
			children = (
				4C213D8F1A7680DE008CD12B /* CampusAssistant */,
				4C213DAE1A7680DE008CD12B /* CampusAssistantTests */,
				4C213D881A7680DE008CD12B /* Frameworks */,
				4C213D871A7680DE008CD12B /* Products */,
			);
			sourceTree = "<group>";
		};
		4C213D871A7680DE008CD12B /* Products */ = {
			isa = PBXGroup;
			children = (
				4C213D861A7680DE008CD12B /* CampusAssistant.app */,
				4C213DA71A7680DE008CD12B /* CampusAssistantTests.xctest */,
			);
			name = Products;
			sourceTree = "<group>";
		};
		4C213D881A7680DE008CD12B /* Frameworks */ = {
			isa = PBXGroup;
			children = (
				4C342D0D1AB0663A0064C8CE /* libiconv.dylib */,
				4C342D0B1AB066300064C8CE /* QuartzCore.framework */,
				4C342D091AB066220064C8CE /* CoreVideo.framework */,
				4C342D071AB066180064C8CE /* CoreMedia.framework */,
				4C342D051AB0660C0064C8CE /* AVFoundation.framework */,
				4C12C4A31A77D98D00BE6775 /* Security.framework */,
				4C12C4A11A77D98300BE6775 /* CFNetwork.framework */,
				4C12C49F1A77D97800BE6775 /* SystemConfiguration.framework */,
				4C213D891A7680DE008CD12B /* Foundation.framework */,
				4C213D8B1A7680DE008CD12B /* CoreGraphics.framework */,
				4C213D8D1A7680DE008CD12B /* UIKit.framework */,
				4C213DA81A7680DE008CD12B /* XCTest.framework */,
			);
			name = Frameworks;
			sourceTree = "<group>";
		};
		4C213D8F1A7680DE008CD12B /* CampusAssistant */ = {
			isa = PBXGroup;
			children = (
				4C4986671A791EB400F2CA42 /* PresentationLayer */,
				4C4986661A791EA500F2CA42 /* BussinessLayer */,
				4C4986651A791E3F00F2CA42 /* PersistenceLayer */,
				4C213D981A7680DE008CD12B /* AppDelegate.h */,
				4C213D991A7680DE008CD12B /* AppDelegate.m */,
				4C213D9B1A7680DE008CD12B /* Main.storyboard */,
				4C213DA11A7680DE008CD12B /* Images.xcassets */,
				4C213D901A7680DE008CD12B /* Supporting Files */,
			);
			path = CampusAssistant;
			sourceTree = "<group>";
		};
		4C213D901A7680DE008CD12B /* Supporting Files */ = {
			isa = PBXGroup;
			children = (
				4C33BAF21AAEBE20009965AC /* imageAndicon */,
				4C5CA8351A7B6B9100627BB9 /* IndicatorImgs */,
				4C5CA7FE1A7A59DC00627BB9 /* MJExtension */,
				4C213DBE1A7688E3008CD12B /* img01.jpg */,
				4C213D911A7680DE008CD12B /* CampusAssistant-Info.plist */,
				4C213D921A7680DE008CD12B /* InfoPlist.strings */,
				4C213D951A7680DE008CD12B /* main.m */,
				4C213D971A7680DE008CD12B /* CampusAssistant-Prefix.pch */,
				4C153CD81A78A8FA00B36695 /* LoginInfo.plist */,
			);
			name = "Supporting Files";
			sourceTree = "<group>";
		};
		4C213DAE1A7680DE008CD12B /* CampusAssistantTests */ = {
			isa = PBXGroup;
			children = (
				4C213DB41A7680DE008CD12B /* CampusAssistantTests.m */,
				4C213DAF1A7680DE008CD12B /* Supporting Files */,
			);
			path = CampusAssistantTests;
			sourceTree = "<group>";
		};
		4C213DAF1A7680DE008CD12B /* Supporting Files */ = {
			isa = PBXGroup;
			children = (
				4C213DB01A7680DE008CD12B /* CampusAssistantTests-Info.plist */,
				4C213DB11A7680DE008CD12B /* InfoPlist.strings */,
			);
			name = "Supporting Files";
			sourceTree = "<group>";
		};
		4C213DC01A769D37008CD12B /* MyWebServiceData */ = {
			isa = PBXGroup;
			children = (
				4C213DC11A769DA1008CD12B /* BaseRequestUrl.h */,
				4C213DC21A769DA1008CD12B /* BaseRequestUrl.m */,
				4C153CDB1A78F37800B36695 /* MyResponseDto.h */,
				4C153CDC1A78F37800B36695 /* MyResponseDto.m */,
			);
			name = MyWebServiceData;
			sourceTree = "<group>";
		};
		4C282FEE1A77A17200B36D47 /* Timetable */ = {
			isa = PBXGroup;
			children = (
				4C282FEB1A77A16300B36D47 /* TimetableViewController.h */,
				4C282FEC1A77A16300B36D47 /* TimetableViewController.m */,
				4C1F6E2B1AA6C632001DC576 /* ImportCourseStep1VC.h */,
				4C1F6E2C1AA6C632001DC576 /* ImportCourseStep1VC.m */,
				4CDB93021AAD7727005625BF /* ImportCourseStep2VC.h */,
				4CDB93031AAD7727005625BF /* ImportCourseStep2VC.m */,
				4CDB93041AAD7727005625BF /* ImportCourseStep2VC.xib */,
				4C342CB91AAFF97E0064C8CE /* CourseDetailViewController.h */,
				4C342CBA1AAFF97E0064C8CE /* CourseDetailViewController.m */,
				4C342CBB1AAFF97E0064C8CE /* CourseDetailViewController.xib */,
			);
			name = Timetable;
			path = ..;
			sourceTree = "<group>";
		};
		4C282FF21A77A1B000B36D47 /* Find */ = {
			isa = PBXGroup;
			children = (
				4C342D2F1AB1A7C80064C8CE /* Cengke */,
				4C342D1B1AB0740C0064C8CE /* MyDIYButton.h */,
				4C342D1C1AB0740C0064C8CE /* MyDIYButton.m */,
				4C342D0F1AB0673D0064C8CE /* QRSignIn */,
				4C282FEF1A77A1A800B36D47 /* FindViewController.h */,
				4C282FF01A77A1A800B36D47 /* FindViewController.m */,
			);
			name = Find;
			sourceTree = "<group>";
		};
		4C282FF31A77A1BC00B36D47 /* AboutMe */ = {
			isa = PBXGroup;
			children = (
				4C282FF41A77A1D100B36D47 /* AboutMeViewController.h */,
				4C282FF51A77A1D100B36D47 /* AboutMeViewController.m */,
				4C1636791AB3341500AE29E4 /* AboutMe.xib */,
			);
			name = AboutMe;
			sourceTree = "<group>";
		};
		4C33BAF21AAEBE20009965AC /* imageAndicon */ = {
			isa = PBXGroup;
			children = (
				4C16367B1AB339F500AE29E4 /* aboutme */,
				4C342D221AB07FA40064C8CE /* background */,
				4C342D151AB06E6F0064C8CE /* find */,
				4C342CBF1AB01B070064C8CE /* tabbar */,
			);
			path = imageAndicon;
			sourceTree = "<group>";
		};
		4C342CBF1AB01B070064C8CE /* tabbar */ = {
			isa = PBXGroup;
			children = (
				4C342CD81AB01DFF0064C8CE /* pic_tabbar_find_selected@2x.png */,
				4C342CD91AB01DFF0064C8CE /* pic_tabbar_find@2x.png */,
				4C342CDA1AB01DFF0064C8CE /* pic_tabbar_setting_selected@2x.png */,
				4C342CDB1AB01DFF0064C8CE /* pic_tabbar_setting@2x.png */,
				4C342CD61AB01DF20064C8CE /* pic_tabbar_course@2x.png */,
				4C342CD41AB01DD80064C8CE /* pic_tabbar_course_selected@2x.png */,
			);
			name = tabbar;
			sourceTree = "<group>";
		};
		4C342CE21AB065D50064C8CE /* ZBarSDK */ = {
			isa = PBXGroup;
			children = (
				4C342CE31AB065D60064C8CE /* Headers */,
				4C342CFA1AB065D60064C8CE /* libzbar.a */,
				4C342CFB1AB065D60064C8CE /* Resources */,
			);
			path = ZBarSDK;
			sourceTree = "<group>";
		};
		4C342CE31AB065D60064C8CE /* Headers */ = {
			isa = PBXGroup;
			children = (
				4C342CE41AB065D60064C8CE /* ZBarSDK */,
			);
			path = Headers;
			sourceTree = "<group>";
		};
		4C342CE41AB065D60064C8CE /* ZBarSDK */ = {
			isa = PBXGroup;
			children = (
				4C342CE51AB065D60064C8CE /* zbar */,
				4C342CEF1AB065D60064C8CE /* zbar.h */,
				4C342CF01AB065D60064C8CE /* ZBarCameraSimulator.h */,
				4C342CF11AB065D60064C8CE /* ZBarCaptureReader.h */,
				4C342CF21AB065D60064C8CE /* ZBarHelpController.h */,
				4C342CF31AB065D60064C8CE /* ZBarImage.h */,
				4C342CF41AB065D60064C8CE /* ZBarImageScanner.h */,
				4C342CF51AB065D60064C8CE /* ZBarReaderController.h */,
				4C342CF61AB065D60064C8CE /* ZBarReaderView.h */,
				4C342CF71AB065D60064C8CE /* ZBarReaderViewController.h */,
				4C342CF81AB065D60064C8CE /* ZBarSDK.h */,
				4C342CF91AB065D60064C8CE /* ZBarSymbol.h */,
			);
			path = ZBarSDK;
			sourceTree = "<group>";
		};
		4C342CE51AB065D60064C8CE /* zbar */ = {
			isa = PBXGroup;
			children = (
				4C342CE61AB065D60064C8CE /* Decoder.h */,
				4C342CE71AB065D60064C8CE /* Exception.h */,
				4C342CE81AB065D60064C8CE /* Image.h */,
				4C342CE91AB065D60064C8CE /* ImageScanner.h */,
				4C342CEA1AB065D60064C8CE /* Processor.h */,
				4C342CEB1AB065D60064C8CE /* Scanner.h */,
				4C342CEC1AB065D60064C8CE /* Symbol.h */,
				4C342CED1AB065D60064C8CE /* Video.h */,
				4C342CEE1AB065D60064C8CE /* Window.h */,
			);
			path = zbar;
			sourceTree = "<group>";
		};
		4C342CFB1AB065D60064C8CE /* Resources */ = {
			isa = PBXGroup;
			children = (
				4C342CFC1AB065D60064C8CE /* zbar-back.png */,
				4C342CFD1AB065D60064C8CE /* zbar-help.html */,
				4C342CFE1AB065D60064C8CE /* zbar-helpicons.png */,
				4C342CFF1AB065D60064C8CE /* zbar-samples.png */,
			);
			path = Resources;
			sourceTree = "<group>";
		};
		4C342D0F1AB0673D0064C8CE /* QRSignIn */ = {
			isa = PBXGroup;
			children = (
				4C342CE21AB065D50064C8CE /* ZBarSDK */,
				4C342D2A1AB1806D0064C8CE /* QRSignInViewController.h */,
				4C342D2B1AB1806D0064C8CE /* QRSignInViewController.m */,
				4C342D2C1AB1806D0064C8CE /* QRSignInViewController.xib */,
			);
			name = QRSignIn;
			sourceTree = "<group>";
		};
		4C342D151AB06E6F0064C8CE /* find */ = {
			isa = PBXGroup;
			children = (
				4C17EBC61AB2AEDD00F1C27B /* shakeIt */,
				4C342D201AB07B870064C8CE /* pic_find_countdown@2x.png */,
				4C342D1E1AB07AF20064C8CE /* pic_find_robot@2x.png */,
				4C342D131AB06E670064C8CE /* pic_find_treehole@2x.png */,
			);
			name = find;
			sourceTree = "<group>";
		};
		4C342D221AB07FA40064C8CE /* background */ = {
			isa = PBXGroup;
			children = (
				4C17EBBF1AB297CE00F1C27B /* pic_main_course_week_bg_thumb@2x.png */,
				4C342D231AB07FBE0064C8CE /* pic_main_course_week_bg@2x.png */,
				4C4A179F1A7FC4220027F303 /* background.jpg */,
				4C1F79FD1AAEC6E000A9CDCD /* bgImage.png */,
			);
			name = background;
			sourceTree = "<group>";
		};
		4C342D251AB174530064C8CE /* Find */ = {
			isa = PBXGroup;
			children = (
				4C342D361AB1C15C0064C8CE /* ShakeIt */,
				4C342D351AB1C14C0064C8CE /* QRSignIn */,
			);
			name = Find;
			sourceTree = "<group>";
		};
		4C342D2F1AB1A7C80064C8CE /* Cengke */ = {
			isa = PBXGroup;
			children = (
				4C342D301AB1BA180064C8CE /* ShakeItViewController.h */,
				4C342D311AB1BA180064C8CE /* ShakeItViewController.m */,
				4C342D321AB1BA180064C8CE /* ShakeItViewController.xib */,
				4C17EBC11AB2A0C200F1C27B /* MyCell.h */,
				4C17EBC21AB2A0C200F1C27B /* MyCell.m */,
				4C17EBC31AB2A0C200F1C27B /* MyCell.xib */,
				4C17EBD71AB2C7B000F1C27B /* CourseViewController.h */,
				4C17EBD81AB2C7B000F1C27B /* CourseViewController.m */,
			);
			name = Cengke;
			sourceTree = "<group>";
		};
		4C342D351AB1C14C0064C8CE /* QRSignIn */ = {
			isa = PBXGroup;
			children = (
				4C342D261AB174990064C8CE /* QRSignInBL.h */,
				4C342D271AB174990064C8CE /* QRSignInBL.m */,
				4C342D291AB174B00064C8CE /* QRSignInDelegate.h */,
			);
			name = QRSignIn;
			sourceTree = "<group>";
		};
		4C342D361AB1C15C0064C8CE /* ShakeIt */ = {
			isa = PBXGroup;
			children = (
				4C342D3A1AB1C19D0064C8CE /* ShakeItDelegate.h */,
				4C17EBBC1AB2871F00F1C27B /* ShakeItBL.h */,
				4C17EBBD1AB2871F00F1C27B /* ShakeItBL.m */,
			);
			name = ShakeIt;
			sourceTree = "<group>";
		};
		4C48D74D1AA98C6B00C9DE52 /* AlterView */ = {
			isa = PBXGroup;
			children = (
			);
			name = AlterView;
			sourceTree = "<group>";
		};
		4C4986651A791E3F00F2CA42 /* PersistenceLayer */ = {
			isa = PBXGroup;
			children = (
				4C5CA8211A7B4D0000627BB9 /* CourseConfig.h */,
				4C5CA7FD1A79FF7700627BB9 /* ObjectFileDelegate.h */,
				4C49867B1A794AAA00F2CA42 /* ObjectFileManager.h */,
				4C49867C1A794AAA00F2CA42 /* ObjectFileManager.m */,
				4C4986731A7937F100F2CA42 /* MyRequest.h */,
				4C4986741A7937F100F2CA42 /* MyRequest.m */,
				4C153CDA1A78EE7700B36695 /* NetConfig.h */,
				4C4986721A7936DB00F2CA42 /* RequestDelegate.h */,
				4C12C4A51A77DA1000BE6775 /* MKNetworkKit */,
				4C213DC01A769D37008CD12B /* MyWebServiceData */,
				4C342CE11AB01EAD0064C8CE /* ImageConfig.h */,
			);
			name = PersistenceLayer;
			sourceTree = "<group>";
		};
		4C4986661A791EA500F2CA42 /* BussinessLayer */ = {
			isa = PBXGroup;
			children = (
				4C342D251AB174530064C8CE /* Find */,
				4C1F6E2E1AA6D16E001DC576 /* ImportCourseBL */,
				4C5CA8151A7A6F7900627BB9 /* CourseBL */,
				4C4986761A7942F100F2CA42 /* LoginAndRegister */,
			);
			name = BussinessLayer;
			sourceTree = "<group>";
		};
		4C4986671A791EB400F2CA42 /* PresentationLayer */ = {
			isa = PBXGroup;
			children = (
				4C5CA8251A7B69BF00627BB9 /* OtherView */,
				4C4986681A791F1000F2CA42 /* LoginAndRegister */,
				4C282FF31A77A1BC00B36D47 /* AboutMe */,
				4C282FF21A77A1B000B36D47 /* Find */,
				4C282FEE1A77A17200B36D47 /* Timetable */,
			);
			name = PresentationLayer;
			sourceTree = "<group>";
		};
		4C4986681A791F1000F2CA42 /* LoginAndRegister */ = {
			isa = PBXGroup;
			children = (
				4C213D9E1A7680DE008CD12B /* ViewController.h */,
				4C213D9F1A7680DE008CD12B /* ViewController.m */,
				4C9841711A81033000C12DF1 /* RegisterViewController.h */,
				4C9841721A81033000C12DF1 /* RegisterViewController.m */,
			);
			name = LoginAndRegister;
			sourceTree = "<group>";
		};
		4C49866B1A79326500F2CA42 /* model */ = {
			isa = PBXGroup;
			children = (
				4C49866C1A79327E00F2CA42 /* UserInfoModel.h */,
				4C49866D1A79327E00F2CA42 /* UserInfoModel.m */,
			);
			name = model;
			sourceTree = "<group>";
		};
		4C4986761A7942F100F2CA42 /* LoginAndRegister */ = {
			isa = PBXGroup;
			children = (
				4C5CA8881A7B9B0100627BB9 /* DrawAbout */,
				4C49866B1A79326500F2CA42 /* model */,
				4C4986771A79437400F2CA42 /* LoginAndRegisterDelegate.h */,
				4C4986781A79447D00F2CA42 /* LoginAndRegisterBusiness.h */,
				4C4986791A79447D00F2CA42 /* LoginAndRegisterBusiness.m */,
			);
			name = LoginAndRegister;
			sourceTree = "<group>";
		};
		4C5CA7FE1A7A59DC00627BB9 /* MJExtension */ = {
			isa = PBXGroup;
			children = (
				4C5CA7FF1A7A59DC00627BB9 /* MJConst.h */,
				4C5CA8001A7A59DC00627BB9 /* MJConst.m */,
				4C5CA8011A7A59DC00627BB9 /* MJExtension.h */,
				4C5CA8021A7A59DC00627BB9 /* MJFoundation.h */,
				4C5CA8031A7A59DC00627BB9 /* MJFoundation.m */,
				4C5CA8041A7A59DC00627BB9 /* MJIvar.h */,
				4C5CA8051A7A59DC00627BB9 /* MJIvar.m */,
				4C5CA8061A7A59DC00627BB9 /* MJType.h */,
				4C5CA8071A7A59DC00627BB9 /* MJType.m */,
				4C5CA8081A7A59DC00627BB9 /* NSObject+MJCoding.h */,
				4C5CA8091A7A59DC00627BB9 /* NSObject+MJCoding.m */,
				4C5CA80A1A7A59DC00627BB9 /* NSObject+MJIvar.h */,
				4C5CA80B1A7A59DC00627BB9 /* NSObject+MJIvar.m */,
				4C5CA80C1A7A59DC00627BB9 /* NSObject+MJKeyValue.h */,
				4C5CA80D1A7A59DC00627BB9 /* NSObject+MJKeyValue.m */,
			);
			path = MJExtension;
			sourceTree = "<group>";
		};
		4C5CA8151A7A6F7900627BB9 /* CourseBL */ = {
			isa = PBXGroup;
			children = (
				4C5CA81D1A7A701300627BB9 /* Model */,
				4C5CA8161A7A6FA700627BB9 /* CourseBLDelegate.h */,
				4C5CA81E1A7A71A000627BB9 /* CourseBL.h */,
				4C5CA81F1A7A71A000627BB9 /* CourseBL.m */,
			);
			name = CourseBL;
			sourceTree = "<group>";
		};
		4C5CA81D1A7A701300627BB9 /* Model */ = {
			isa = PBXGroup;
			children = (
				4C5CA81A1A7A700D00627BB9 /* CourseModel.h */,
				4C5CA81B1A7A700D00627BB9 /* CourseModel.m */,
				4C1636861AB3443E00AE29E4 /* Semester.h */,
				4C1636871AB3443E00AE29E4 /* Semester.m */,
			);
			name = Model;
			sourceTree = "<group>";
		};
		4C5CA8251A7B69BF00627BB9 /* OtherView */ = {
			isa = PBXGroup;
			children = (
				4C48D74D1AA98C6B00C9DE52 /* AlterView */,
				4C1F6E1E1AA5E1B0001DC576 /* DaiDodgeKeyboard */,
				4C5CA83D1A7B945300627BB9 /* KVN */,
				4C5CA8391A7B8C6400627BB9 /* GMDCircleLoader */,
				4C5CA8271A7B6B6400627BB9 /* YYAnimationIndicator.m */,
				4C5CA8261A7B6B6400627BB9 /* YYAnimationIndicator.h */,
			);
			name = OtherView;
			sourceTree = "<group>";
		};
		4C5CA8351A7B6B9100627BB9 /* IndicatorImgs */ = {
			isa = PBXGroup;
			children = (
				4C5CA8291A7B6B8200627BB9 /* 1.png */,
				4C5CA82A1A7B6B8200627BB9 /* 2.png */,
				4C5CA82B1A7B6B8200627BB9 /* 3.png */,
				4C5CA82C1A7B6B8200627BB9 /* 4.png */,
				4C5CA82D1A7B6B8200627BB9 /* 5.png */,
				4C5CA82E1A7B6B8200627BB9 /* 6.png */,
			);
			name = IndicatorImgs;
			sourceTree = "<group>";
		};
		4C5CA8391A7B8C6400627BB9 /* GMDCircleLoader */ = {
			isa = PBXGroup;
			children = (
				4C5CA83A1A7B8C6400627BB9 /* GMDCircleLoader.h */,
				4C5CA83B1A7B8C6400627BB9 /* GMDCircleLoader.m */,
			);
			path = GMDCircleLoader;
			sourceTree = "<group>";
		};
		4C5CA83D1A7B945300627BB9 /* KVN */ = {
			isa = PBXGroup;
			children = (
				4C5CA8651A7B988A00627BB9 /* KVNProgress */,
			);
			name = KVN;
			sourceTree = "<group>";
		};
		4C5CA8651A7B988A00627BB9 /* KVNProgress */ = {
			isa = PBXGroup;
			children = (
				4C5CA8681A7B988A00627BB9 /* Categories */,
				4C5CA86D1A7B988A00627BB9 /* Classes */,
				4C5CA87B1A7B988A00627BB9 /* Resources */,
			);
			name = KVNProgress;
			path = ../../../../Downloads/KVNProgress/KVNProgress;
			sourceTree = "<group>";
		};
		4C5CA8681A7B988A00627BB9 /* Categories */ = {
			isa = PBXGroup;
			children = (
				4C5CA8691A7B988A00627BB9 /* UIImage+KVNEmpty.h */,
				4C5CA86A1A7B988A00627BB9 /* UIImage+KVNEmpty.m */,
				4C5CA86B1A7B988A00627BB9 /* UIImage+KVNImageEffects.h */,
				4C5CA86C1A7B988A00627BB9 /* UIImage+KVNImageEffects.m */,
			);
			path = Categories;
			sourceTree = "<group>";
		};
		4C5CA86D1A7B988A00627BB9 /* Classes */ = {
			isa = PBXGroup;
			children = (
				4C5CA86E1A7B988A00627BB9 /* KVNProgress.h */,
				4C5CA86F1A7B988A00627BB9 /* KVNProgress.m */,
			);
			path = Classes;
			sourceTree = "<group>";
		};
		4C5CA87B1A7B988A00627BB9 /* Resources */ = {
			isa = PBXGroup;
			children = (
				4C5CA87C1A7B988A00627BB9 /* KVNProgressView.xib */,
			);
			path = Resources;
			sourceTree = "<group>";
		};
		4C5CA8881A7B9B0100627BB9 /* DrawAbout */ = {
			isa = PBXGroup;
			children = (
				4C5CA8891A7B9B2400627BB9 /* DrawLabelAndButton.h */,
				4C5CA88A1A7B9B2400627BB9 /* DrawLabelAndButton.m */,
			);
			name = DrawAbout;
			sourceTree = "<group>";
		};
/* End PBXGroup section */

/* Begin PBXNativeTarget section */
		4C213D851A7680DE008CD12B /* CampusAssistant */ = {
			isa = PBXNativeTarget;
			buildConfigurationList = 4C213DB81A7680DE008CD12B /* Build configuration list for PBXNativeTarget "CampusAssistant" */;
			buildPhases = (
				4C213D821A7680DE008CD12B /* Sources */,
				4C213D831A7680DE008CD12B /* Frameworks */,
				4C213D841A7680DE008CD12B /* Resources */,
			);
			buildRules = (
			);
			dependencies = (
			);
			name = CampusAssistant;
			productName = CampusAssistant;
			productReference = 4C213D861A7680DE008CD12B /* CampusAssistant.app */;
			productType = "com.apple.product-type.application";
		};
		4C213DA61A7680DE008CD12B /* CampusAssistantTests */ = {
			isa = PBXNativeTarget;
			buildConfigurationList = 4C213DBB1A7680DE008CD12B /* Build configuration list for PBXNativeTarget "CampusAssistantTests" */;
			buildPhases = (
				4C213DA31A7680DE008CD12B /* Sources */,
				4C213DA41A7680DE008CD12B /* Frameworks */,
				4C213DA51A7680DE008CD12B /* Resources */,
			);
			buildRules = (
			);
			dependencies = (
				4C213DAD1A7680DE008CD12B /* PBXTargetDependency */,
			);
			name = CampusAssistantTests;
			productName = CampusAssistantTests;
			productReference = 4C213DA71A7680DE008CD12B /* CampusAssistantTests.xctest */;
			productType = "com.apple.product-type.bundle.unit-test";
		};
/* End PBXNativeTarget section */

/* Begin PBXProject section */
		4C213D7E1A7680DE008CD12B /* Project object */ = {
			isa = PBXProject;
			attributes = {
				LastUpgradeCheck = 0510;
				ORGANIZATIONNAME = SHIEP;
				TargetAttributes = {
					4C213DA61A7680DE008CD12B = {
						TestTargetID = 4C213D851A7680DE008CD12B;
					};
				};
			};
			buildConfigurationList = 4C213D811A7680DE008CD12B /* Build configuration list for PBXProject "CampusAssistant" */;
			compatibilityVersion = "Xcode 3.2";
			developmentRegion = English;
			hasScannedForEncodings = 0;
			knownRegions = (
				en,
				Base,
			);
			mainGroup = 4C213D7D1A7680DE008CD12B;
			productRefGroup = 4C213D871A7680DE008CD12B /* Products */;
			projectDirPath = "";
			projectRoot = "";
			targets = (
				4C213D851A7680DE008CD12B /* CampusAssistant */,
				4C213DA61A7680DE008CD12B /* CampusAssistantTests */,
			);
		};
/* End PBXProject section */

/* Begin PBXResourcesBuildPhase section */
		4C213D841A7680DE008CD12B /* Resources */ = {
			isa = PBXResourcesBuildPhase;
			buildActionMask = 2147483647;
			files = (
				4C5CA8341A7B6B8200627BB9 /* 6.png in Resources */,
				4C342CBD1AAFF97E0064C8CE /* CourseDetailViewController.xib in Resources */,
				4C342D2E1AB1806D0064C8CE /* QRSignInViewController.xib in Resources */,
				4C17EBCD1AB2AF5E00F1C27B /* pic_main_course_classroom.png in Resources */,
				4C342D041AB065D60064C8CE /* zbar-samples.png in Resources */,
				4C342CD51AB01DD80064C8CE /* pic_tabbar_course_selected@2x.png in Resources */,
				4C17EBD11AB2AF7000F1C27B /* pic_main_course_section.png in Resources */,
				4C342CDC1AB01DFF0064C8CE /* pic_tabbar_find_selected@2x.png in Resources */,
				4C5CA8871A7B988A00627BB9 /* KVNProgressView.xib in Resources */,
				4C5CA8321A7B6B8200627BB9 /* 4.png in Resources */,
				4CDB93061AAD7727005625BF /* ImportCourseStep2VC.xib in Resources */,
				4C5CA8331A7B6B8200627BB9 /* 5.png in Resources */,
				4C213DA21A7680DE008CD12B /* Images.xcassets in Resources */,
				4C213D941A7680DE008CD12B /* InfoPlist.strings in Resources */,
				4C5CA8301A7B6B8200627BB9 /* 2.png in Resources */,
				4C1F79FE1AAEC6E000A9CDCD /* bgImage.png in Resources */,
				4C5CA8311A7B6B8200627BB9 /* 3.png in Resources */,
				4C213DBF1A7688E3008CD12B /* img01.jpg in Resources */,
				4C16367A1AB3341500AE29E4 /* AboutMe.xib in Resources */,
				4C4A17A01A7FC4220027F303 /* background.jpg in Resources */,
				4C342D031AB065D60064C8CE /* zbar-helpicons.png in Resources */,
				4C342D341AB1BA180064C8CE /* ShakeItViewController.xib in Resources */,
				4C342D211AB07B870064C8CE /* pic_find_countdown@2x.png in Resources */,
				4C16367F1AB33B6600AE29E4 /* pic_setting_change_term_img@2x.png in Resources */,
				4C342CDE1AB01DFF0064C8CE /* pic_tabbar_setting_selected@2x.png in Resources */,
				4C17EBCA1AB2AF3A00F1C27B /* pic_main_course_teacher.png in Resources */,
				4C17EBD51AB2AF8200F1C27B /* pic_main_course_week.png in Resources */,
				4C342D141AB06E670064C8CE /* pic_find_treehole@2x.png in Resources */,
				4C16367D1AB33ABF00AE29E4 /* pic_super_account@2x.png in Resources */,
				4C342D011AB065D60064C8CE /* zbar-back.png in Resources */,
				4C17EBC51AB2A0C200F1C27B /* MyCell.xib in Resources */,
				4C1636851AB33B8900AE29E4 /* pic_setting_maxcount_img@2x.png in Resources */,
				4C17EBCE1AB2AF5E00F1C27B /* pic_main_course_classroom@2x.png in Resources */,
				4C1636831AB33B8200AE29E4 /* pic_setting_now_week_img@2x.png in Resources */,
				4C342CDF1AB01DFF0064C8CE /* pic_tabbar_setting@2x.png in Resources */,
				4C17EBC01AB297CE00F1C27B /* pic_main_course_week_bg_thumb@2x.png in Resources */,
				4C5CA82F1A7B6B8200627BB9 /* 1.png in Resources */,
				4C213D9D1A7680DE008CD12B /* Main.storyboard in Resources */,
				4C342CD71AB01DF20064C8CE /* pic_tabbar_course@2x.png in Resources */,
				4C342CDD1AB01DFF0064C8CE /* pic_tabbar_find@2x.png in Resources */,
				4C1636811AB33B6E00AE29E4 /* pic_setting_logout_img@2x.png in Resources */,
				4C17EBC81AB2AEEB00F1C27B /* pic_main_course_teacher@2x.png in Resources */,
				4C342D021AB065D60064C8CE /* zbar-help.html in Resources */,
				4C17EBD61AB2AF8200F1C27B /* pic_main_course_week@2x.png in Resources */,
				4C153CD91A78A8FA00B36695 /* LoginInfo.plist in Resources */,
				4C342D1F1AB07AF20064C8CE /* pic_find_robot@2x.png in Resources */,
				4C342D241AB07FBE0064C8CE /* pic_main_course_week_bg@2x.png in Resources */,
				4C17EBD21AB2AF7000F1C27B /* pic_main_course_section@2x.png in Resources */,
			);
			runOnlyForDeploymentPostprocessing = 0;
		};
		4C213DA51A7680DE008CD12B /* Resources */ = {
			isa = PBXResourcesBuildPhase;
			buildActionMask = 2147483647;
			files = (
				4C213DB31A7680DE008CD12B /* InfoPlist.strings in Resources */,
			);
			runOnlyForDeploymentPostprocessing = 0;
		};
/* End PBXResourcesBuildPhase section */

/* Begin PBXSourcesBuildPhase section */
		4C213D821A7680DE008CD12B /* Sources */ = {
			isa = PBXSourcesBuildPhase;
			buildActionMask = 2147483647;
			files = (
				4C342D281AB174990064C8CE /* QRSignInBL.m in Sources */,
				4C5CA8281A7B6B6400627BB9 /* YYAnimationIndicator.m in Sources */,
				4C282FED1A77A16300B36D47 /* TimetableViewController.m in Sources */,
				4C12C4C41A77DA1000BE6775 /* MKNetworkEngine.m in Sources */,
				4C5CA81C1A7A700D00627BB9 /* CourseModel.m in Sources */,
				4C17EBC41AB2A0C200F1C27B /* MyCell.m in Sources */,
				4C17EBD91AB2C7B000F1C27B /* CourseViewController.m in Sources */,
				4C49867D1A794AAA00F2CA42 /* ObjectFileManager.m in Sources */,
				4C12C4C51A77DA1000BE6775 /* MKNetworkOperation.m in Sources */,
				4C342CBC1AAFF97E0064C8CE /* CourseDetailViewController.m in Sources */,
				4C213DA01A7680DE008CD12B /* ViewController.m in Sources */,
				4C12C4BE1A77DA1000BE6775 /* NSData+MKBase64.m in Sources */,
				4C12C4BF1A77DA1000BE6775 /* NSDate+RFC1123.m in Sources */,
				4C1F6E331AA6D216001DC576 /* ImportCourseBL.m in Sources */,
				4C5CA87F1A7B988A00627BB9 /* UIImage+KVNImageEffects.m in Sources */,
				4C5CA88B1A7B9B2400627BB9 /* DrawLabelAndButton.m in Sources */,
				4C213D9A1A7680DE008CD12B /* AppDelegate.m in Sources */,
				4C1636881AB3443E00AE29E4 /* Semester.m in Sources */,
				4C282FF11A77A1A800B36D47 /* FindViewController.m in Sources */,
				4C12C4C11A77DA1000BE6775 /* NSString+MKNetworkKitAdditions.m in Sources */,
				4C5CA8101A7A59DC00627BB9 /* MJIvar.m in Sources */,
				4C282FF61A77A1D100B36D47 /* AboutMeViewController.m in Sources */,
				4C12C4C21A77DA1000BE6775 /* UIAlertView+MKNetworkKitAdditions.m in Sources */,
				4C342D331AB1BA180064C8CE /* ShakeItViewController.m in Sources */,
				4C342D2D1AB1806D0064C8CE /* QRSignInViewController.m in Sources */,
				4C49866E1A79327E00F2CA42 /* UserInfoModel.m in Sources */,
				4C213DC31A769DA1008CD12B /* BaseRequestUrl.m in Sources */,
				4C5CA80E1A7A59DC00627BB9 /* MJConst.m in Sources */,
				4C5CA8111A7A59DC00627BB9 /* MJType.m in Sources */,
				4C5CA80F1A7A59DC00627BB9 /* MJFoundation.m in Sources */,
				4C12C4C31A77DA1000BE6775 /* UIImageView+MKNetworkKitAdditions.m in Sources */,
				4C213D961A7680DE008CD12B /* main.m in Sources */,
				4C153CDD1A78F37800B36695 /* MyResponseDto.m in Sources */,
				4C5CA8201A7A71A000627BB9 /* CourseBL.m in Sources */,
				4CDB93051AAD7727005625BF /* ImportCourseStep2VC.m in Sources */,
				4C49867A1A79447D00F2CA42 /* LoginAndRegisterBusiness.m in Sources */,
				4C1F6E291AA5E1B0001DC576 /* DaiDodgeKeyboard.m in Sources */,
				4C9841731A81033000C12DF1 /* RegisterViewController.m in Sources */,
				4C342D1D1AB0740C0064C8CE /* MyDIYButton.m in Sources */,
				4C1F6E2D1AA6C632001DC576 /* ImportCourseStep1VC.m in Sources */,
				4C12C4C01A77DA1000BE6775 /* NSDictionary+RequestEncoding.m in Sources */,
				4C5CA83C1A7B8C6400627BB9 /* GMDCircleLoader.m in Sources */,
				4C5CA8121A7A59DC00627BB9 /* NSObject+MJCoding.m in Sources */,
				4C5CA8131A7A59DC00627BB9 /* NSObject+MJIvar.m in Sources */,
				4C1F6E271AA5E1B0001DC576 /* DaiDodgeKeyboard+AccessObject.m in Sources */,
				4C1F6E281AA5E1B0001DC576 /* DaiDodgeKeyboard+Animation.m in Sources */,
				4C5CA8141A7A59DC00627BB9 /* NSObject+MJKeyValue.m in Sources */,
				4C17EBBE1AB2871F00F1C27B /* ShakeItBL.m in Sources */,
				4C4986751A7937F100F2CA42 /* MyRequest.m in Sources */,
				4C5CA8801A7B988A00627BB9 /* KVNProgress.m in Sources */,
				4C5CA87E1A7B988A00627BB9 /* UIImage+KVNEmpty.m in Sources */,
				4C12C4BD1A77DA1000BE6775 /* NSAlert+MKNetworkKitAdditions.m in Sources */,
				4C12C4C61A77DA1000BE6775 /* Reachability.m in Sources */,
				4C1F6E2A1AA5E1B0001DC576 /* UIView+FirstResponderNotify.m in Sources */,
			);
			runOnlyForDeploymentPostprocessing = 0;
		};
		4C213DA31A7680DE008CD12B /* Sources */ = {
			isa = PBXSourcesBuildPhase;
			buildActionMask = 2147483647;
			files = (
				4C213DB51A7680DE008CD12B /* CampusAssistantTests.m in Sources */,
			);
			runOnlyForDeploymentPostprocessing = 0;
		};
/* End PBXSourcesBuildPhase section */

/* Begin PBXTargetDependency section */
		4C213DAD1A7680DE008CD12B /* PBXTargetDependency */ = {
			isa = PBXTargetDependency;
			target = 4C213D851A7680DE008CD12B /* CampusAssistant */;
			targetProxy = 4C213DAC1A7680DE008CD12B /* PBXContainerItemProxy */;
		};
/* End PBXTargetDependency section */

/* Begin PBXVariantGroup section */
		4C213D921A7680DE008CD12B /* InfoPlist.strings */ = {
			isa = PBXVariantGroup;
			children = (
				4C213D931A7680DE008CD12B /* en */,
			);
			name = InfoPlist.strings;
			sourceTree = "<group>";
		};
		4C213D9B1A7680DE008CD12B /* Main.storyboard */ = {
			isa = PBXVariantGroup;
			children = (
				4C213D9C1A7680DE008CD12B /* Base */,
			);
			name = Main.storyboard;
			sourceTree = "<group>";
		};
		4C213DB11A7680DE008CD12B /* InfoPlist.strings */ = {
			isa = PBXVariantGroup;
			children = (
				4C213DB21A7680DE008CD12B /* en */,
			);
			name = InfoPlist.strings;
			sourceTree = "<group>";
		};
/* End PBXVariantGroup section */

/* Begin XCBuildConfiguration section */
		4C213DB61A7680DE008CD12B /* Debug */ = {
			isa = XCBuildConfiguration;
			buildSettings = {
				ALWAYS_SEARCH_USER_PATHS = NO;
				CLANG_CXX_LANGUAGE_STANDARD = "gnu++0x";
				CLANG_CXX_LIBRARY = "libc++";
				CLANG_ENABLE_MODULES = YES;
				CLANG_ENABLE_OBJC_ARC = YES;
				CLANG_WARN_BOOL_CONVERSION = YES;
				CLANG_WARN_CONSTANT_CONVERSION = YES;
				CLANG_WARN_DIRECT_OBJC_ISA_USAGE = YES_ERROR;
				CLANG_WARN_EMPTY_BODY = YES;
				CLANG_WARN_ENUM_CONVERSION = YES;
				CLANG_WARN_INT_CONVERSION = YES;
				CLANG_WARN_OBJC_ROOT_CLASS = YES_ERROR;
				CLANG_WARN__DUPLICATE_METHOD_MATCH = YES;
				"CODE_SIGN_IDENTITY[sdk=iphoneos*]" = "iPhone Developer";
				COPY_PHASE_STRIP = NO;
				GCC_C_LANGUAGE_STANDARD = gnu99;
				GCC_DYNAMIC_NO_PIC = NO;
				GCC_OPTIMIZATION_LEVEL = 0;
				GCC_PREPROCESSOR_DEFINITIONS = (
					"DEBUG=1",
					"$(inherited)",
				);
				GCC_SYMBOLS_PRIVATE_EXTERN = NO;
				GCC_WARN_64_TO_32_BIT_CONVERSION = YES;
				GCC_WARN_ABOUT_RETURN_TYPE = YES_ERROR;
				GCC_WARN_UNDECLARED_SELECTOR = YES;
				GCC_WARN_UNINITIALIZED_AUTOS = YES_AGGRESSIVE;
				GCC_WARN_UNUSED_FUNCTION = YES;
				GCC_WARN_UNUSED_VARIABLE = YES;
				IPHONEOS_DEPLOYMENT_TARGET = 7.1;
				ONLY_ACTIVE_ARCH = YES;
				SDKROOT = iphoneos;
			};
			name = Debug;
		};
		4C213DB71A7680DE008CD12B /* Release */ = {
			isa = XCBuildConfiguration;
			buildSettings = {
				ALWAYS_SEARCH_USER_PATHS = NO;
				CLANG_CXX_LANGUAGE_STANDARD = "gnu++0x";
				CLANG_CXX_LIBRARY = "libc++";
				CLANG_ENABLE_MODULES = YES;
				CLANG_ENABLE_OBJC_ARC = YES;
				CLANG_WARN_BOOL_CONVERSION = YES;
				CLANG_WARN_CONSTANT_CONVERSION = YES;
				CLANG_WARN_DIRECT_OBJC_ISA_USAGE = YES_ERROR;
				CLANG_WARN_EMPTY_BODY = YES;
				CLANG_WARN_ENUM_CONVERSION = YES;
				CLANG_WARN_INT_CONVERSION = YES;
				CLANG_WARN_OBJC_ROOT_CLASS = YES_ERROR;
				CLANG_WARN__DUPLICATE_METHOD_MATCH = YES;
				"CODE_SIGN_IDENTITY[sdk=iphoneos*]" = "iPhone Developer";
				COPY_PHASE_STRIP = YES;
				ENABLE_NS_ASSERTIONS = NO;
				GCC_C_LANGUAGE_STANDARD = gnu99;
				GCC_WARN_64_TO_32_BIT_CONVERSION = YES;
				GCC_WARN_ABOUT_RETURN_TYPE = YES_ERROR;
				GCC_WARN_UNDECLARED_SELECTOR = YES;
				GCC_WARN_UNINITIALIZED_AUTOS = YES_AGGRESSIVE;
				GCC_WARN_UNUSED_FUNCTION = YES;
				GCC_WARN_UNUSED_VARIABLE = YES;
				IPHONEOS_DEPLOYMENT_TARGET = 7.1;
				SDKROOT = iphoneos;
				VALIDATE_PRODUCT = YES;
			};
			name = Release;
		};
		4C213DB91A7680DE008CD12B /* Debug */ = {
			isa = XCBuildConfiguration;
			buildSettings = {
				ASSETCATALOG_COMPILER_APPICON_NAME = AppIcon;
				ASSETCATALOG_COMPILER_LAUNCHIMAGE_NAME = LaunchImage;
				CODE_SIGN_IDENTITY = "iPhone Developer";
				GCC_PRECOMPILE_PREFIX_HEADER = YES;
				GCC_PREFIX_HEADER = "CampusAssistant/CampusAssistant-Prefix.pch";
				INFOPLIST_FILE = "CampusAssistant/CampusAssistant-Info.plist";
				LIBRARY_SEARCH_PATHS = (
					"$(inherited)",
					"$(PROJECT_DIR)/CampusAssistant/ZBarSDK",
				);
				PRODUCT_NAME = "$(TARGET_NAME)";
				WRAPPER_EXTENSION = app;
			};
			name = Debug;
		};
		4C213DBA1A7680DE008CD12B /* Release */ = {
			isa = XCBuildConfiguration;
			buildSettings = {
				ASSETCATALOG_COMPILER_APPICON_NAME = AppIcon;
				ASSETCATALOG_COMPILER_LAUNCHIMAGE_NAME = LaunchImage;
				CODE_SIGN_IDENTITY = "iPhone Developer";
				GCC_PRECOMPILE_PREFIX_HEADER = YES;
				GCC_PREFIX_HEADER = "CampusAssistant/CampusAssistant-Prefix.pch";
				INFOPLIST_FILE = "CampusAssistant/CampusAssistant-Info.plist";
				LIBRARY_SEARCH_PATHS = (
					"$(inherited)",
					"$(PROJECT_DIR)/CampusAssistant/ZBarSDK",
				);
				PRODUCT_NAME = "$(TARGET_NAME)";
				WRAPPER_EXTENSION = app;
			};
			name = Release;
		};
		4C213DBC1A7680DE008CD12B /* Debug */ = {
			isa = XCBuildConfiguration;
			buildSettings = {
				BUNDLE_LOADER = "$(BUILT_PRODUCTS_DIR)/CampusAssistant.app/CampusAssistant";
				FRAMEWORK_SEARCH_PATHS = (
					"$(SDKROOT)/Developer/Library/Frameworks",
					"$(inherited)",
					"$(DEVELOPER_FRAMEWORKS_DIR)",
				);
				GCC_PRECOMPILE_PREFIX_HEADER = YES;
				GCC_PREFIX_HEADER = "CampusAssistant/CampusAssistant-Prefix.pch";
				GCC_PREPROCESSOR_DEFINITIONS = (
					"DEBUG=1",
					"$(inherited)",
				);
				INFOPLIST_FILE = "CampusAssistantTests/CampusAssistantTests-Info.plist";
				PRODUCT_NAME = "$(TARGET_NAME)";
				TEST_HOST = "$(BUNDLE_LOADER)";
				WRAPPER_EXTENSION = xctest;
			};
			name = Debug;
		};
		4C213DBD1A7680DE008CD12B /* Release */ = {
			isa = XCBuildConfiguration;
			buildSettings = {
				BUNDLE_LOADER = "$(BUILT_PRODUCTS_DIR)/CampusAssistant.app/CampusAssistant";
				FRAMEWORK_SEARCH_PATHS = (
					"$(SDKROOT)/Developer/Library/Frameworks",
					"$(inherited)",
					"$(DEVELOPER_FRAMEWORKS_DIR)",
				);
				GCC_PRECOMPILE_PREFIX_HEADER = YES;
				GCC_PREFIX_HEADER = "CampusAssistant/CampusAssistant-Prefix.pch";
				INFOPLIST_FILE = "CampusAssistantTests/CampusAssistantTests-Info.plist";
				PRODUCT_NAME = "$(TARGET_NAME)";
				TEST_HOST = "$(BUNDLE_LOADER)";
				WRAPPER_EXTENSION = xctest;
			};
			name = Release;
		};
/* End XCBuildConfiguration section */

/* Begin XCConfigurationList section */
		4C213D811A7680DE008CD12B /* Build configuration list for PBXProject "CampusAssistant" */ = {
			isa = XCConfigurationList;
			buildConfigurations = (
				4C213DB61A7680DE008CD12B /* Debug */,
				4C213DB71A7680DE008CD12B /* Release */,
			);
			defaultConfigurationIsVisible = 0;
			defaultConfigurationName = Release;
		};
		4C213DB81A7680DE008CD12B /* Build configuration list for PBXNativeTarget "CampusAssistant" */ = {
			isa = XCConfigurationList;
			buildConfigurations = (
				4C213DB91A7680DE008CD12B /* Debug */,
				4C213DBA1A7680DE008CD12B /* Release */,
			);
			defaultConfigurationIsVisible = 0;
			defaultConfigurationName = Release;
		};
		4C213DBB1A7680DE008CD12B /* Build configuration list for PBXNativeTarget "CampusAssistantTests" */ = {
			isa = XCConfigurationList;
			buildConfigurations = (
				4C213DBC1A7680DE008CD12B /* Debug */,
				4C213DBD1A7680DE008CD12B /* Release */,
			);
			defaultConfigurationIsVisible = 0;
			defaultConfigurationName = Release;
		};
/* End XCConfigurationList section */
	};
	rootObject = 4C213D7E1A7680DE008CD12B /* Project object */;
}
